
Microsoft Visual Studio Solution File, Format Version 12.00
# Visual Studio Version 16
VisualStudioVersion = 16.0.31410.357
MinimumVisualStudioVersion = 10.0.40219.1
Project("{2150E333-8FDC-42A3-9474-1A3956D46DE8}") = "02 Main", "02 Main", "{12BACC34-D4FB-4031-A835-44BB5DBE4D0B}"
EndProject
Project("{2150E333-8FDC-42A3-9474-1A3956D46DE8}") = "03 Plugin", "03 Plugin", "{E260CFF7-43F1-4C8C-929C-4CA367F25679}"
EndProject
Project("{FAE04EC0-301F-11D3-BF4B-00C04F79EFBC}") = "VisionCore", "02 Main\VisionCore\VisionCore.csproj", "{D34FCD67-42E3-4D3A-89B7-65BC8416A550}"
	ProjectSection(ProjectDependencies) = postProject
		{5A171807-E17C-4A18-9732-357C73A366C9} = {5A171807-E17C-4A18-9732-357C73A366C9}
	EndProjectSection
EndProject
Project("{2150E333-8FDC-42A3-9474-1A3956D46DE8}") = "05 Control", "05 Control", "{476D9AD7-3467-4A0C-A6E8-314031E22099}"
EndProject
Project("{2150E333-8FDC-42A3-9474-1A3956D46DE8}") = "检测识别", "检测识别", "{43B3FA75-7EA6-4851-9457-E9903A88CB03}"
EndProject
Project("{2150E333-8FDC-42A3-9474-1A3956D46DE8}") = "几何测量", "几何测量", "{6EB4FDAB-7F09-4750-B30D-C62126D05F4A}"
EndProject
Project("{2150E333-8FDC-42A3-9474-1A3956D46DE8}") = "几何构建", "几何构建", "{372AC8FD-6AF0-4A85-9914-048F5A9F5C31}"
EndProject
Project("{2150E333-8FDC-42A3-9474-1A3956D46DE8}") = "坐标标定", "坐标标定", "{E8139B3F-B6B9-429A-BCAD-8CA3E3571CDC}"
EndProject
Project("{2150E333-8FDC-42A3-9474-1A3956D46DE8}") = "对位工具", "对位工具", "{B003F25E-01E0-4A23-85C5-554A2CFE01F5}"
EndProject
Project("{2150E333-8FDC-42A3-9474-1A3956D46DE8}") = "逻辑工具", "逻辑工具", "{555CF885-9D8B-4ED0-83B7-4E4D0D6306E8}"
EndProject
Project("{2150E333-8FDC-42A3-9474-1A3956D46DE8}") = "变量工具", "变量工具", "{620AE53A-2272-4DCD-A292-D547A9D0ADB1}"
EndProject
Project("{2150E333-8FDC-42A3-9474-1A3956D46DE8}") = "系统工具", "系统工具", "{99BB47FD-CDCD-4A8F-8C68-289D746B5F27}"
EndProject
Project("{2150E333-8FDC-42A3-9474-1A3956D46DE8}") = "通信工具", "通信工具", "{044F6A3F-FC5A-4737-BA6B-710B080F1410}"
EndProject
Project("{2150E333-8FDC-42A3-9474-1A3956D46DE8}") = "04 Camera", "04 Camera", "{D135372A-94FD-46B0-91CC-8D307438E792}"
EndProject
Project("{FAE04EC0-301F-11D3-BF4B-00C04F79EFBC}") = "Plugin.Cameras.Basler", "05 Camera\Plugin.cameras.basler\Plugin.Cameras.Basler.csproj", "{C9D4BB0E-416A-4671-B2DE-F1A08FA006E5}"
EndProject
Project("{FAE04EC0-301F-11D3-BF4B-00C04F79EFBC}") = "Plugin.MeasureCircle", "04 Plugin\几何测量\Plugin.MeasureCircle\Plugin.MeasureCircle.csproj", "{81357E38-1C3D-47B9-B297-3434035B06FC}"
EndProject
Project("{FAE04EC0-301F-11D3-BF4B-00C04F79EFBC}") = "Plugin.MeasureEllipse", "04 Plugin\几何测量\Plugin.MeasureEllipse\Plugin.MeasureEllipse.csproj", "{ED23A6D6-5217-4644-9878-E6959DA27610}"
EndProject
Project("{FAE04EC0-301F-11D3-BF4B-00C04F79EFBC}") = "Plugin.BarCorde", "04 Plugin\检测识别\Plugin.BarCord\Plugin.BarCorde.csproj", "{0FE47DE5-12DE-466C-9937-82B5962F63C4}"
EndProject
Project("{FAE04EC0-301F-11D3-BF4B-00C04F79EFBC}") = "Plugin.Corde2D", "04 Plugin\检测识别\Plugin.Cord2D\Plugin.Corde2D.csproj", "{56CC3E1B-4C77-49D0-865C-2744E060BD76}"
EndProject
Project("{FAE04EC0-301F-11D3-BF4B-00C04F79EFBC}") = "Plugin.OCR", "04 Plugin\检测识别\Plugin.OCR\Plugin.OCR.csproj", "{C1D18AFB-DDA4-4D56-9223-4704641C70B6}"
EndProject
Project("{FAE04EC0-301F-11D3-BF4B-00C04F79EFBC}") = "Plugin.DataSave", "04 Plugin\系统工具\Plugin.DataSave\Plugin.DataSave.csproj", "{94AD93DA-976A-46D2-83C4-96A2FE73D6B3}"
EndProject
Project("{FAE04EC0-301F-11D3-BF4B-00C04F79EFBC}") = "Plugin.Delay", "04 Plugin\系统工具\Plugin.Delay\Plugin.Delay.csproj", "{641B5AC2-0869-4A71-819C-67BBAFA42C78}"
EndProject
Project("{FAE04EC0-301F-11D3-BF4B-00C04F79EFBC}") = "Plugin.Folder", "04 Plugin\系统工具\plugin.Folder\Plugin.Folder.csproj", "{F4606DE5-A0A2-41BC-AE46-A63EC87DC91D}"
EndProject
Project("{FAE04EC0-301F-11D3-BF4B-00C04F79EFBC}") = "Plugin.CreateROI", "04 Plugin\检测识别\plugin.CreateROI\Plugin.CreateROI.csproj", "{1D7FDE42-0CFF-4AD1-87C4-84CFE8B84EAA}"
EndProject
Project("{FAE04EC0-301F-11D3-BF4B-00C04F79EFBC}") = "Plugin.MeasureCalib", "04 Plugin\坐标标定\Plugin.MeasureCalib\Plugin.MeasureCalib.csproj", "{CD3826D7-9A07-47C9-B519-D87A38FAE93E}"
EndProject
Project("{FAE04EC0-301F-11D3-BF4B-00C04F79EFBC}") = "Plugin.DistortionCalib", "04 Plugin\坐标标定\Plugin.DistortionCalib\Plugin.DistortionCalib.csproj", "{966FCD7A-D46E-4986-9222-065CC4669376}"
EndProject
Project("{FAE04EC0-301F-11D3-BF4B-00C04F79EFBC}") = "Plugin.ColorRecognition", "04 Plugin\检测识别\Plugin.ColorRecognition\Plugin.ColorRecognition.csproj", "{DCADAC22-7203-46BF-9A79-45C0FD1C0219}"
EndProject
Project("{FAE04EC0-301F-11D3-BF4B-00C04F79EFBC}") = "Plugin.FolderEnd", "04 Plugin\系统工具\plugin.FolderEnd\Plugin.FolderEnd.csproj", "{BC7FB642-56BC-4536-9D17-13162DD469DC}"
EndProject
Project("{FAE04EC0-301F-11D3-BF4B-00C04F79EFBC}") = "Plugin.AffineTrans", "04 Plugin\对位工具\Plugin.Coordinate\Plugin.AffineTrans.csproj", "{4EC2F268-A5A8-4908-B2AD-92649B569A40}"
EndProject
Project("{FAE04EC0-301F-11D3-BF4B-00C04F79EFBC}") = "Plugin.FitLine", "04 Plugin\几何构建\Plugin.FitLine\Plugin.FitLine.csproj", "{39F73ED0-789E-48C0-B587-5FC99FBF82DF}"
EndProject
Project("{FAE04EC0-301F-11D3-BF4B-00C04F79EFBC}") = "Plugin.FitCircle", "04 Plugin\几何构建\Plugin.FitCircle\Plugin.FitCircle.csproj", "{D67C6502-D311-4429-B9EA-0FAF3FA35C06}"
EndProject
Project("{FAE04EC0-301F-11D3-BF4B-00C04F79EFBC}") = "Plugin.MeasureLine", "04 Plugin\几何测量\Plugin.MeasureLine\Plugin.MeasureLine.csproj", "{60E13689-760C-4BCB-9B39-E7C20DE5C92E}"
EndProject
Project("{FAE04EC0-301F-11D3-BF4B-00C04F79EFBC}") = "Plugin.NPointCal", "04 Plugin\对位工具\Plugin.CalibCoord\Plugin.NPointCal.csproj", "{6B3A56FD-3A29-41E4-8EF7-FF7E4607738E}"
EndProject
Project("{FAE04EC0-301F-11D3-BF4B-00C04F79EFBC}") = "Plugin.RobotControl", "04 Plugin\对位工具\Plugin.RobotControl\Plugin.RobotControl.csproj", "{78DF4472-E7CC-4FA7-B746-7E2965300D3F}"
EndProject
Project("{FAE04EC0-301F-11D3-BF4B-00C04F79EFBC}") = "Plugin.QueueIn", "04 Plugin\变量工具\Plugin.QueueIn\Plugin.QueueIn.csproj", "{EFC4FADD-343C-44E1-8798-D912DB4F78C2}"
EndProject
Project("{FAE04EC0-301F-11D3-BF4B-00C04F79EFBC}") = "Plugin.QueueOut", "04 Plugin\变量工具\Plugin.QueueOut\Plugin.QueueOut.csproj", "{7C9DF78B-7C31-4E5A-BD46-887574F51CC1}"
EndProject
Project("{FAE04EC0-301F-11D3-BF4B-00C04F79EFBC}") = "Plugin.QueueClear", "04 Plugin\变量工具\Plugin.QueueClear\Plugin.QueueClear.csproj", "{53EE2B97-E1FB-472B-8A19-0D825965F112}"
EndProject
Project("{FAE04EC0-301F-11D3-BF4B-00C04F79EFBC}") = "RexView", "03 Control\RexViewer\RexView.csproj", "{9BAA53FD-89B5-43E2-AC59-A27B006DEBB6}"
EndProject
Project("{FAE04EC0-301F-11D3-BF4B-00C04F79EFBC}") = "RexControl", "03 Control\RexControl\RexControl.csproj", "{2DDF3244-F788-4076-A361-9C459EE5796E}"
EndProject
Project("{FAE04EC0-301F-11D3-BF4B-00C04F79EFBC}") = "RexConst", "02 Main\RexConst\RexConst.csproj", "{5A171807-E17C-4A18-9732-357C73A366C9}"
EndProject
Project("{FAE04EC0-301F-11D3-BF4B-00C04F79EFBC}") = "RexVision", "02 Main\RexVision\RexVision.csproj", "{4DBDA2DF-F8F6-4C03-B182-823218E33713}"
EndProject
Project("{FAE04EC0-301F-11D3-BF4B-00C04F79EFBC}") = "RexHelps", "02 Main\RexHelps\RexHelps.csproj", "{926397D3-28DC-4F5F-A37E-BA8FEF9D6966}"
EndProject
Project("{FAE04EC0-301F-11D3-BF4B-00C04F79EFBC}") = "Plugin.SendData", "04 Plugin\通信工具\Plugin.SendData\Plugin.SendData.csproj", "{7FD49F62-13A5-4FC7-8C7A-344A4C1DAE20}"
EndProject
Project("{FAE04EC0-301F-11D3-BF4B-00C04F79EFBC}") = "Plugin.CreateText", "04 Plugin\变量工具\Plugin.CreateText\Plugin.CreateText.csproj", "{BEB4E5EC-5A86-4CAD-B08F-70C65D8D79EC}"
EndProject
Project("{FAE04EC0-301F-11D3-BF4B-00C04F79EFBC}") = "Plugin.SplitText", "04 Plugin\变量工具\Plugin.SplitText\Plugin.SplitText.csproj", "{13B6E063-675C-4418-8A91-5AFC8FE70A97}"
EndProject
Project("{FAE04EC0-301F-11D3-BF4B-00C04F79EFBC}") = "Plugin.RunProj", "04 Plugin\逻辑工具\Plugin.RunProj\Plugin.RunProj.csproj", "{70A3A3EE-FB21-41A6-9D16-991E27F604B5}"
EndProject
Project("{FAE04EC0-301F-11D3-BF4B-00C04F79EFBC}") = "Plugin.LinesDistance", "04 Plugin\几何测量\Plugin.LinesDistance\Plugin.LinesDistance.csproj", "{D09AF057-E6B3-4371-A90D-B58C65FE1241}"
EndProject
Project("{FAE04EC0-301F-11D3-BF4B-00C04F79EFBC}") = "Plugin.BuildPL", "04 Plugin\几何构建\Plugin.BuildPL\Plugin.BuildPL.csproj", "{3A446FC0-9A69-4CDE-9FE7-95F8D103CEFE}"
EndProject
Project("{FAE04EC0-301F-11D3-BF4B-00C04F79EFBC}") = "Plugin.BuildPp", "04 Plugin\几何构建\Plugin.BuildPp\Plugin.BuildPp.csproj", "{CE6B8B83-2EB0-4638-A7E3-E315F3391681}"
EndProject
Project("{FAE04EC0-301F-11D3-BF4B-00C04F79EFBC}") = "Plugin.BuildLc", "04 Plugin\几何构建\Plugin.BuildLC\Plugin.BuildLc.csproj", "{4C3CD11C-649B-4499-AB8A-ACC53ACA9BB2}"
EndProject
Project("{FAE04EC0-301F-11D3-BF4B-00C04F79EFBC}") = "Plugin.IF", "04 Plugin\逻辑工具\Plugin.IF\Plugin.IF.csproj", "{DD2B7D6F-C074-4D23-A0EE-6E33F70AC581}"
EndProject
Project("{FAE04EC0-301F-11D3-BF4B-00C04F79EFBC}") = "Plugin.DataShow", "04 Plugin\系统工具\Plugin.DataShow\Plugin.DataShow.csproj", "{7FEA8C5E-4C9E-49FC-9392-EE31DB9E0C74}"
EndProject
Project("{FAE04EC0-301F-11D3-BF4B-00C04F79EFBC}") = "Plugin.Lable", "04 Plugin\逻辑工具\Plugin.Lable\Plugin.Lable.csproj", "{033CA7EA-8B74-40B8-8D79-860F636A5E4D}"
EndProject
Project("{FAE04EC0-301F-11D3-BF4B-00C04F79EFBC}") = "Plugin.Goto", "04 Plugin\逻辑工具\Plugin.Goto\Plugin.Goto.csproj", "{D0CE9A07-593A-473B-8978-BE9210137E2F}"
EndProject
Project("{FAE04EC0-301F-11D3-BF4B-00C04F79EFBC}") = "Plugin.For", "04 Plugin\逻辑工具\Plugin.For\Plugin.For.csproj", "{7FA6B880-6C2B-4CA8-8A6E-93E81F5F412E}"
EndProject
Project("{FAE04EC0-301F-11D3-BF4B-00C04F79EFBC}") = "Plugin.ForEnd", "04 Plugin\逻辑工具\Plugin.ForEnd\Plugin.ForEnd.csproj", "{D8C6D957-831A-4078-A048-EAB23323FE9F}"
EndProject
Project("{FAE04EC0-301F-11D3-BF4B-00C04F79EFBC}") = "Plugin.BuildLl", "04 Plugin\几何构建\Plugin.BuildLl\Plugin.BuildLl.csproj", "{348B5437-2BFB-4440-8C39-B95F33986BC4}"
EndProject
Project("{FAE04EC0-301F-11D3-BF4B-00C04F79EFBC}") = "Plugin.LumaCheck", "04 Plugin\检测识别\Plugin.LumaCheck\Plugin.LumaCheck.csproj", "{ED79696F-ABB5-4EE0-BD2E-BB90815C66BE}"
EndProject
Project("{FAE04EC0-301F-11D3-BF4B-00C04F79EFBC}") = "Plugin.DataCompute", "04 Plugin\系统工具\Plugin.DataCompute\Plugin.DataCompute.csproj", "{A4D9186A-7D4E-4883-A477-2817A210C842}"
EndProject
Project("{FAE04EC0-301F-11D3-BF4B-00C04F79EFBC}") = "Plugin.Matching", "04 Plugin\检测识别\Plugin.Matching\Plugin.Matching.csproj", "{BE9C3C23-2F3A-4313-A70D-B42EE636DC80}"
EndProject
Project("{FAE04EC0-301F-11D3-BF4B-00C04F79EFBC}") = "Plugin.VarSet", "04 Plugin\变量工具\Plugin.VarSet\Plugin.VarSet.csproj", "{9DA64E08-954E-4619-B645-313A9C5C8946}"
EndProject
Project("{FAE04EC0-301F-11D3-BF4B-00C04F79EFBC}") = "Plugin.VarDefine", "04 Plugin\变量工具\Plugin.VarDefine\Plugin.VarDefine.csproj", "{803F109C-4BF4-4716-9664-644E1C496F23}"
EndProject
Project("{FAE04EC0-301F-11D3-BF4B-00C04F79EFBC}") = "Plugin.MeasureRect", "04 Plugin\几何测量\Plugin.MeasureRectangle1\Plugin.MeasureRect.csproj", "{C785F379-91D2-4BB2-8A43-4BFC11CE8380}"
EndProject
Project("{FAE04EC0-301F-11D3-BF4B-00C04F79EFBC}") = "Plugin.Cameras.Hikvision", "05 Camera\Plugin.Cameras.Hikvision\Plugin.Cameras.Hikvision.csproj", "{4FE72E7D-E5C7-41BC-A8A6-CF8CE58CD45A}"
EndProject
Project("{FAE04EC0-301F-11D3-BF4B-00C04F79EFBC}") = "Plugin.Script", "04 Plugin\逻辑工具\Plugin.Script\Plugin.Script.csproj", "{C46403B5-E425-43A6-9093-D6EB7617A37A}"
EndProject
Project("{FAE04EC0-301F-11D3-BF4B-00C04F79EFBC}") = "Plugin.IFElse", "04 Plugin\逻辑工具\Plugin.IFElse\Plugin.IFElse.csproj", "{4993DC56-406C-47B3-9E9E-3556D4ADCF23}"
EndProject
Project("{FAE04EC0-301F-11D3-BF4B-00C04F79EFBC}") = "Plugin.IFEnd", "04 Plugin\逻辑工具\Plugin.IFEnd\Plugin.IFEnd.csproj", "{219F580B-6D64-448C-BEE7-1BBA46E12D37}"
EndProject
Project("{FAE04EC0-301F-11D3-BF4B-00C04F79EFBC}") = "Plugin.ReadCmd", "04 Plugin\通信工具\Plugin.ReadCmd\Plugin.ReadCmd.csproj", "{DE8AC1B9-C055-4965-8961-93E6309551C1}"
EndProject
Project("{FAE04EC0-301F-11D3-BF4B-00C04F79EFBC}") = "Plugin.ReadData", "04 Plugin\通信工具\Plugin.ReadData\Plugin.ReadData.csproj", "{7A7F829C-81A0-4C2C-B1FD-04D851ED61DF}"
EndProject
Project("{2150E333-8FDC-42A3-9474-1A3956D46DE8}") = "图像处理", "图像处理", "{28F4EB26-B224-4889-8AED-B4FDDE087373}"
EndProject
Project("{FAE04EC0-301F-11D3-BF4B-00C04F79EFBC}") = "Plugin.Camera", "04 Plugin\图像处理\Plugin.Camera\Plugin.Camera.csproj", "{CA1345EE-0436-46A4-B75F-9CA1D04E6711}"
EndProject
Project("{FAE04EC0-301F-11D3-BF4B-00C04F79EFBC}") = "Plugin.ShowImage", "04 Plugin\图像处理\Plugin.ShowImage\Plugin.ShowImage.csproj", "{1FD00E09-A2AB-4D05-BD16-9486BFE3FA61}"
EndProject
Project("{FAE04EC0-301F-11D3-BF4B-00C04F79EFBC}") = "Plugin.SaveImage", "04 Plugin\图像处理\plugin.SaveImage\Plugin.SaveImage.csproj", "{117C3BD3-E70E-4E0D-A502-3118A9C5817F}"
EndProject
Global
	GlobalSection(SolutionConfigurationPlatforms) = preSolution
		Debug|Any CPU = Debug|Any CPU
		Debug|Itanium = Debug|Itanium
		Debug|x64 = Debug|x64
		Debug|x86 = Debug|x86
		Release|Any CPU = Release|Any CPU
		Release|Itanium = Release|Itanium
		Release|x64 = Release|x64
		Release|x86 = Release|x86
	EndGlobalSection
	GlobalSection(ProjectConfigurationPlatforms) = postSolution
		{D34FCD67-42E3-4D3A-89B7-65BC8416A550}.Debug|Any CPU.ActiveCfg = Debug|Any CPU
		{D34FCD67-42E3-4D3A-89B7-65BC8416A550}.Debug|Any CPU.Build.0 = Debug|Any CPU
		{D34FCD67-42E3-4D3A-89B7-65BC8416A550}.Debug|Itanium.ActiveCfg = Debug|Any CPU
		{D34FCD67-42E3-4D3A-89B7-65BC8416A550}.Debug|Itanium.Build.0 = Debug|Any CPU
		{D34FCD67-42E3-4D3A-89B7-65BC8416A550}.Debug|x64.ActiveCfg = Debug|Any CPU
		{D34FCD67-42E3-4D3A-89B7-65BC8416A550}.Debug|x64.Build.0 = Debug|Any CPU
		{D34FCD67-42E3-4D3A-89B7-65BC8416A550}.Debug|x86.ActiveCfg = Debug|Any CPU
		{D34FCD67-42E3-4D3A-89B7-65BC8416A550}.Debug|x86.Build.0 = Debug|Any CPU
		{D34FCD67-42E3-4D3A-89B7-65BC8416A550}.Release|Any CPU.ActiveCfg = Release|Any CPU
		{D34FCD67-42E3-4D3A-89B7-65BC8416A550}.Release|Any CPU.Build.0 = Release|Any CPU
		{D34FCD67-42E3-4D3A-89B7-65BC8416A550}.Release|Itanium.ActiveCfg = Release|Any CPU
		{D34FCD67-42E3-4D3A-89B7-65BC8416A550}.Release|Itanium.Build.0 = Release|Any CPU
		{D34FCD67-42E3-4D3A-89B7-65BC8416A550}.Release|x64.ActiveCfg = Release|Any CPU
		{D34FCD67-42E3-4D3A-89B7-65BC8416A550}.Release|x64.Build.0 = Release|Any CPU
		{D34FCD67-42E3-4D3A-89B7-65BC8416A550}.Release|x86.ActiveCfg = Release|Any CPU
		{D34FCD67-42E3-4D3A-89B7-65BC8416A550}.Release|x86.Build.0 = Release|Any CPU
		{C9D4BB0E-416A-4671-B2DE-F1A08FA006E5}.Debug|Any CPU.ActiveCfg = Debug|Any CPU
		{C9D4BB0E-416A-4671-B2DE-F1A08FA006E5}.Debug|Any CPU.Build.0 = Debug|Any CPU
		{C9D4BB0E-416A-4671-B2DE-F1A08FA006E5}.Debug|Itanium.ActiveCfg = Debug|Any CPU
		{C9D4BB0E-416A-4671-B2DE-F1A08FA006E5}.Debug|Itanium.Build.0 = Debug|Any CPU
		{C9D4BB0E-416A-4671-B2DE-F1A08FA006E5}.Debug|x64.ActiveCfg = Debug|Any CPU
		{C9D4BB0E-416A-4671-B2DE-F1A08FA006E5}.Debug|x64.Build.0 = Debug|Any CPU
		{C9D4BB0E-416A-4671-B2DE-F1A08FA006E5}.Debug|x86.ActiveCfg = Debug|Any CPU
		{C9D4BB0E-416A-4671-B2DE-F1A08FA006E5}.Debug|x86.Build.0 = Debug|Any CPU
		{C9D4BB0E-416A-4671-B2DE-F1A08FA006E5}.Release|Any CPU.ActiveCfg = Release|Any CPU
		{C9D4BB0E-416A-4671-B2DE-F1A08FA006E5}.Release|Any CPU.Build.0 = Release|Any CPU
		{C9D4BB0E-416A-4671-B2DE-F1A08FA006E5}.Release|Itanium.ActiveCfg = Release|Any CPU
		{C9D4BB0E-416A-4671-B2DE-F1A08FA006E5}.Release|Itanium.Build.0 = Release|Any CPU
		{C9D4BB0E-416A-4671-B2DE-F1A08FA006E5}.Release|x64.ActiveCfg = Release|Any CPU
		{C9D4BB0E-416A-4671-B2DE-F1A08FA006E5}.Release|x64.Build.0 = Release|Any CPU
		{C9D4BB0E-416A-4671-B2DE-F1A08FA006E5}.Release|x86.ActiveCfg = Release|Any CPU
		{C9D4BB0E-416A-4671-B2DE-F1A08FA006E5}.Release|x86.Build.0 = Release|Any CPU
		{81357E38-1C3D-47B9-B297-3434035B06FC}.Debug|Any CPU.ActiveCfg = Debug|Any CPU
		{81357E38-1C3D-47B9-B297-3434035B06FC}.Debug|Any CPU.Build.0 = Debug|Any CPU
		{81357E38-1C3D-47B9-B297-3434035B06FC}.Debug|Itanium.ActiveCfg = Debug|Any CPU
		{81357E38-1C3D-47B9-B297-3434035B06FC}.Debug|Itanium.Build.0 = Debug|Any CPU
		{81357E38-1C3D-47B9-B297-3434035B06FC}.Debug|x64.ActiveCfg = Debug|Any CPU
		{81357E38-1C3D-47B9-B297-3434035B06FC}.Debug|x64.Build.0 = Debug|Any CPU
		{81357E38-1C3D-47B9-B297-3434035B06FC}.Debug|x86.ActiveCfg = Debug|Any CPU
		{81357E38-1C3D-47B9-B297-3434035B06FC}.Debug|x86.Build.0 = Debug|Any CPU
		{81357E38-1C3D-47B9-B297-3434035B06FC}.Release|Any CPU.ActiveCfg = Release|Any CPU
		{81357E38-1C3D-47B9-B297-3434035B06FC}.Release|Any CPU.Build.0 = Release|Any CPU
		{81357E38-1C3D-47B9-B297-3434035B06FC}.Release|Itanium.ActiveCfg = Release|Any CPU
		{81357E38-1C3D-47B9-B297-3434035B06FC}.Release|Itanium.Build.0 = Release|Any CPU
		{81357E38-1C3D-47B9-B297-3434035B06FC}.Release|x64.ActiveCfg = Release|Any CPU
		{81357E38-1C3D-47B9-B297-3434035B06FC}.Release|x64.Build.0 = Release|Any CPU
		{81357E38-1C3D-47B9-B297-3434035B06FC}.Release|x86.ActiveCfg = Release|Any CPU
		{81357E38-1C3D-47B9-B297-3434035B06FC}.Release|x86.Build.0 = Release|Any CPU
		{ED23A6D6-5217-4644-9878-E6959DA27610}.Debug|Any CPU.ActiveCfg = Debug|Any CPU
		{ED23A6D6-5217-4644-9878-E6959DA27610}.Debug|Any CPU.Build.0 = Debug|Any CPU
		{ED23A6D6-5217-4644-9878-E6959DA27610}.Debug|Itanium.ActiveCfg = Debug|Any CPU
		{ED23A6D6-5217-4644-9878-E6959DA27610}.Debug|Itanium.Build.0 = Debug|Any CPU
		{ED23A6D6-5217-4644-9878-E6959DA27610}.Debug|x64.ActiveCfg = Debug|Any CPU
		{ED23A6D6-5217-4644-9878-E6959DA27610}.Debug|x64.Build.0 = Debug|Any CPU
		{ED23A6D6-5217-4644-9878-E6959DA27610}.Debug|x86.ActiveCfg = Debug|Any CPU
		{ED23A6D6-5217-4644-9878-E6959DA27610}.Debug|x86.Build.0 = Debug|Any CPU
		{ED23A6D6-5217-4644-9878-E6959DA27610}.Release|Any CPU.ActiveCfg = Release|Any CPU
		{ED23A6D6-5217-4644-9878-E6959DA27610}.Release|Any CPU.Build.0 = Release|Any CPU
		{ED23A6D6-5217-4644-9878-E6959DA27610}.Release|Itanium.ActiveCfg = Release|Any CPU
		{ED23A6D6-5217-4644-9878-E6959DA27610}.Release|Itanium.Build.0 = Release|Any CPU
		{ED23A6D6-5217-4644-9878-E6959DA27610}.Release|x64.ActiveCfg = Release|Any CPU
		{ED23A6D6-5217-4644-9878-E6959DA27610}.Release|x64.Build.0 = Release|Any CPU
		{ED23A6D6-5217-4644-9878-E6959DA27610}.Release|x86.ActiveCfg = Release|Any CPU
		{ED23A6D6-5217-4644-9878-E6959DA27610}.Release|x86.Build.0 = Release|Any CPU
		{0FE47DE5-12DE-466C-9937-82B5962F63C4}.Debug|Any CPU.ActiveCfg = Debug|Any CPU
		{0FE47DE5-12DE-466C-9937-82B5962F63C4}.Debug|Any CPU.Build.0 = Debug|Any CPU
		{0FE47DE5-12DE-466C-9937-82B5962F63C4}.Debug|Itanium.ActiveCfg = Debug|Any CPU
		{0FE47DE5-12DE-466C-9937-82B5962F63C4}.Debug|Itanium.Build.0 = Debug|Any CPU
		{0FE47DE5-12DE-466C-9937-82B5962F63C4}.Debug|x64.ActiveCfg = Debug|Any CPU
		{0FE47DE5-12DE-466C-9937-82B5962F63C4}.Debug|x64.Build.0 = Debug|Any CPU
		{0FE47DE5-12DE-466C-9937-82B5962F63C4}.Debug|x86.ActiveCfg = Debug|Any CPU
		{0FE47DE5-12DE-466C-9937-82B5962F63C4}.Debug|x86.Build.0 = Debug|Any CPU
		{0FE47DE5-12DE-466C-9937-82B5962F63C4}.Release|Any CPU.ActiveCfg = Release|Any CPU
		{0FE47DE5-12DE-466C-9937-82B5962F63C4}.Release|Any CPU.Build.0 = Release|Any CPU
		{0FE47DE5-12DE-466C-9937-82B5962F63C4}.Release|Itanium.ActiveCfg = Release|Any CPU
		{0FE47DE5-12DE-466C-9937-82B5962F63C4}.Release|Itanium.Build.0 = Release|Any CPU
		{0FE47DE5-12DE-466C-9937-82B5962F63C4}.Release|x64.ActiveCfg = Release|Any CPU
		{0FE47DE5-12DE-466C-9937-82B5962F63C4}.Release|x64.Build.0 = Release|Any CPU
		{0FE47DE5-12DE-466C-9937-82B5962F63C4}.Release|x86.ActiveCfg = Release|Any CPU
		{0FE47DE5-12DE-466C-9937-82B5962F63C4}.Release|x86.Build.0 = Release|Any CPU
		{56CC3E1B-4C77-49D0-865C-2744E060BD76}.Debug|Any CPU.ActiveCfg = Debug|Any CPU
		{56CC3E1B-4C77-49D0-865C-2744E060BD76}.Debug|Any CPU.Build.0 = Debug|Any CPU
		{56CC3E1B-4C77-49D0-865C-2744E060BD76}.Debug|Itanium.ActiveCfg = Debug|Any CPU
		{56CC3E1B-4C77-49D0-865C-2744E060BD76}.Debug|Itanium.Build.0 = Debug|Any CPU
		{56CC3E1B-4C77-49D0-865C-2744E060BD76}.Debug|x64.ActiveCfg = Debug|Any CPU
		{56CC3E1B-4C77-49D0-865C-2744E060BD76}.Debug|x64.Build.0 = Debug|Any CPU
		{56CC3E1B-4C77-49D0-865C-2744E060BD76}.Debug|x86.ActiveCfg = Debug|Any CPU
		{56CC3E1B-4C77-49D0-865C-2744E060BD76}.Debug|x86.Build.0 = Debug|Any CPU
		{56CC3E1B-4C77-49D0-865C-2744E060BD76}.Release|Any CPU.ActiveCfg = Release|Any CPU
		{56CC3E1B-4C77-49D0-865C-2744E060BD76}.Release|Any CPU.Build.0 = Release|Any CPU
		{56CC3E1B-4C77-49D0-865C-2744E060BD76}.Release|Itanium.ActiveCfg = Release|Any CPU
		{56CC3E1B-4C77-49D0-865C-2744E060BD76}.Release|Itanium.Build.0 = Release|Any CPU
		{56CC3E1B-4C77-49D0-865C-2744E060BD76}.Release|x64.ActiveCfg = Release|Any CPU
		{56CC3E1B-4C77-49D0-865C-2744E060BD76}.Release|x64.Build.0 = Release|Any CPU
		{56CC3E1B-4C77-49D0-865C-2744E060BD76}.Release|x86.ActiveCfg = Release|Any CPU
		{56CC3E1B-4C77-49D0-865C-2744E060BD76}.Release|x86.Build.0 = Release|Any CPU
		{C1D18AFB-DDA4-4D56-9223-4704641C70B6}.Debug|Any CPU.ActiveCfg = Debug|Any CPU
		{C1D18AFB-DDA4-4D56-9223-4704641C70B6}.Debug|Any CPU.Build.0 = Debug|Any CPU
		{C1D18AFB-DDA4-4D56-9223-4704641C70B6}.Debug|Itanium.ActiveCfg = Debug|Any CPU
		{C1D18AFB-DDA4-4D56-9223-4704641C70B6}.Debug|Itanium.Build.0 = Debug|Any CPU
		{C1D18AFB-DDA4-4D56-9223-4704641C70B6}.Debug|x64.ActiveCfg = Debug|Any CPU
		{C1D18AFB-DDA4-4D56-9223-4704641C70B6}.Debug|x64.Build.0 = Debug|Any CPU
		{C1D18AFB-DDA4-4D56-9223-4704641C70B6}.Debug|x86.ActiveCfg = Debug|Any CPU
		{C1D18AFB-DDA4-4D56-9223-4704641C70B6}.Debug|x86.Build.0 = Debug|Any CPU
		{C1D18AFB-DDA4-4D56-9223-4704641C70B6}.Release|Any CPU.ActiveCfg = Release|Any CPU
		{C1D18AFB-DDA4-4D56-9223-4704641C70B6}.Release|Any CPU.Build.0 = Release|Any CPU
		{C1D18AFB-DDA4-4D56-9223-4704641C70B6}.Release|Itanium.ActiveCfg = Release|Any CPU
		{C1D18AFB-DDA4-4D56-9223-4704641C70B6}.Release|Itanium.Build.0 = Release|Any CPU
		{C1D18AFB-DDA4-4D56-9223-4704641C70B6}.Release|x64.ActiveCfg = Release|Any CPU
		{C1D18AFB-DDA4-4D56-9223-4704641C70B6}.Release|x64.Build.0 = Release|Any CPU
		{C1D18AFB-DDA4-4D56-9223-4704641C70B6}.Release|x86.ActiveCfg = Release|Any CPU
		{C1D18AFB-DDA4-4D56-9223-4704641C70B6}.Release|x86.Build.0 = Release|Any CPU
		{94AD93DA-976A-46D2-83C4-96A2FE73D6B3}.Debug|Any CPU.ActiveCfg = Debug|Any CPU
		{94AD93DA-976A-46D2-83C4-96A2FE73D6B3}.Debug|Any CPU.Build.0 = Debug|Any CPU
		{94AD93DA-976A-46D2-83C4-96A2FE73D6B3}.Debug|Itanium.ActiveCfg = Debug|Any CPU
		{94AD93DA-976A-46D2-83C4-96A2FE73D6B3}.Debug|Itanium.Build.0 = Debug|Any CPU
		{94AD93DA-976A-46D2-83C4-96A2FE73D6B3}.Debug|x64.ActiveCfg = Debug|Any CPU
		{94AD93DA-976A-46D2-83C4-96A2FE73D6B3}.Debug|x64.Build.0 = Debug|Any CPU
		{94AD93DA-976A-46D2-83C4-96A2FE73D6B3}.Debug|x86.ActiveCfg = Debug|Any CPU
		{94AD93DA-976A-46D2-83C4-96A2FE73D6B3}.Debug|x86.Build.0 = Debug|Any CPU
		{94AD93DA-976A-46D2-83C4-96A2FE73D6B3}.Release|Any CPU.ActiveCfg = Release|Any CPU
		{94AD93DA-976A-46D2-83C4-96A2FE73D6B3}.Release|Any CPU.Build.0 = Release|Any CPU
		{94AD93DA-976A-46D2-83C4-96A2FE73D6B3}.Release|Itanium.ActiveCfg = Release|Any CPU
		{94AD93DA-976A-46D2-83C4-96A2FE73D6B3}.Release|Itanium.Build.0 = Release|Any CPU
		{94AD93DA-976A-46D2-83C4-96A2FE73D6B3}.Release|x64.ActiveCfg = Release|Any CPU
		{94AD93DA-976A-46D2-83C4-96A2FE73D6B3}.Release|x64.Build.0 = Release|Any CPU
		{94AD93DA-976A-46D2-83C4-96A2FE73D6B3}.Release|x86.ActiveCfg = Release|Any CPU
		{94AD93DA-976A-46D2-83C4-96A2FE73D6B3}.Release|x86.Build.0 = Release|Any CPU
		{641B5AC2-0869-4A71-819C-67BBAFA42C78}.Debug|Any CPU.ActiveCfg = Debug|Any CPU
		{641B5AC2-0869-4A71-819C-67BBAFA42C78}.Debug|Any CPU.Build.0 = Debug|Any CPU
		{641B5AC2-0869-4A71-819C-67BBAFA42C78}.Debug|Itanium.ActiveCfg = Debug|Any CPU
		{641B5AC2-0869-4A71-819C-67BBAFA42C78}.Debug|Itanium.Build.0 = Debug|Any CPU
		{641B5AC2-0869-4A71-819C-67BBAFA42C78}.Debug|x64.ActiveCfg = Debug|Any CPU
		{641B5AC2-0869-4A71-819C-67BBAFA42C78}.Debug|x64.Build.0 = Debug|Any CPU
		{641B5AC2-0869-4A71-819C-67BBAFA42C78}.Debug|x86.ActiveCfg = Debug|Any CPU
		{641B5AC2-0869-4A71-819C-67BBAFA42C78}.Debug|x86.Build.0 = Debug|Any CPU
		{641B5AC2-0869-4A71-819C-67BBAFA42C78}.Release|Any CPU.ActiveCfg = Release|Any CPU
		{641B5AC2-0869-4A71-819C-67BBAFA42C78}.Release|Any CPU.Build.0 = Release|Any CPU
		{641B5AC2-0869-4A71-819C-67BBAFA42C78}.Release|Itanium.ActiveCfg = Release|Any CPU
		{641B5AC2-0869-4A71-819C-67BBAFA42C78}.Release|Itanium.Build.0 = Release|Any CPU
		{641B5AC2-0869-4A71-819C-67BBAFA42C78}.Release|x64.ActiveCfg = Release|Any CPU
		{641B5AC2-0869-4A71-819C-67BBAFA42C78}.Release|x64.Build.0 = Release|Any CPU
		{641B5AC2-0869-4A71-819C-67BBAFA42C78}.Release|x86.ActiveCfg = Release|Any CPU
		{641B5AC2-0869-4A71-819C-67BBAFA42C78}.Release|x86.Build.0 = Release|Any CPU
		{F4606DE5-A0A2-41BC-AE46-A63EC87DC91D}.Debug|Any CPU.ActiveCfg = Debug|Any CPU
		{F4606DE5-A0A2-41BC-AE46-A63EC87DC91D}.Debug|Any CPU.Build.0 = Debug|Any CPU
		{F4606DE5-A0A2-41BC-AE46-A63EC87DC91D}.Debug|Itanium.ActiveCfg = Debug|Any CPU
		{F4606DE5-A0A2-41BC-AE46-A63EC87DC91D}.Debug|Itanium.Build.0 = Debug|Any CPU
		{F4606DE5-A0A2-41BC-AE46-A63EC87DC91D}.Debug|x64.ActiveCfg = Debug|Any CPU
		{F4606DE5-A0A2-41BC-AE46-A63EC87DC91D}.Debug|x64.Build.0 = Debug|Any CPU
		{F4606DE5-A0A2-41BC-AE46-A63EC87DC91D}.Debug|x86.ActiveCfg = Debug|Any CPU
		{F4606DE5-A0A2-41BC-AE46-A63EC87DC91D}.Debug|x86.Build.0 = Debug|Any CPU
		{F4606DE5-A0A2-41BC-AE46-A63EC87DC91D}.Release|Any CPU.ActiveCfg = Release|Any CPU
		{F4606DE5-A0A2-41BC-AE46-A63EC87DC91D}.Release|Any CPU.Build.0 = Release|Any CPU
		{F4606DE5-A0A2-41BC-AE46-A63EC87DC91D}.Release|Itanium.ActiveCfg = Release|Any CPU
		{F4606DE5-A0A2-41BC-AE46-A63EC87DC91D}.Release|Itanium.Build.0 = Release|Any CPU
		{F4606DE5-A0A2-41BC-AE46-A63EC87DC91D}.Release|x64.ActiveCfg = Release|Any CPU
		{F4606DE5-A0A2-41BC-AE46-A63EC87DC91D}.Release|x64.Build.0 = Release|Any CPU
		{F4606DE5-A0A2-41BC-AE46-A63EC87DC91D}.Release|x86.ActiveCfg = Release|Any CPU
		{F4606DE5-A0A2-41BC-AE46-A63EC87DC91D}.Release|x86.Build.0 = Release|Any CPU
		{1D7FDE42-0CFF-4AD1-87C4-84CFE8B84EAA}.Debug|Any CPU.ActiveCfg = Debug|Any CPU
		{1D7FDE42-0CFF-4AD1-87C4-84CFE8B84EAA}.Debug|Any CPU.Build.0 = Debug|Any CPU
		{1D7FDE42-0CFF-4AD1-87C4-84CFE8B84EAA}.Debug|Itanium.ActiveCfg = Debug|Any CPU
		{1D7FDE42-0CFF-4AD1-87C4-84CFE8B84EAA}.Debug|Itanium.Build.0 = Debug|Any CPU
		{1D7FDE42-0CFF-4AD1-87C4-84CFE8B84EAA}.Debug|x64.ActiveCfg = Debug|Any CPU
		{1D7FDE42-0CFF-4AD1-87C4-84CFE8B84EAA}.Debug|x64.Build.0 = Debug|Any CPU
		{1D7FDE42-0CFF-4AD1-87C4-84CFE8B84EAA}.Debug|x86.ActiveCfg = Debug|Any CPU
		{1D7FDE42-0CFF-4AD1-87C4-84CFE8B84EAA}.Debug|x86.Build.0 = Debug|Any CPU
		{1D7FDE42-0CFF-4AD1-87C4-84CFE8B84EAA}.Release|Any CPU.ActiveCfg = Release|Any CPU
		{1D7FDE42-0CFF-4AD1-87C4-84CFE8B84EAA}.Release|Any CPU.Build.0 = Release|Any CPU
		{1D7FDE42-0CFF-4AD1-87C4-84CFE8B84EAA}.Release|Itanium.ActiveCfg = Release|Any CPU
		{1D7FDE42-0CFF-4AD1-87C4-84CFE8B84EAA}.Release|Itanium.Build.0 = Release|Any CPU
		{1D7FDE42-0CFF-4AD1-87C4-84CFE8B84EAA}.Release|x64.ActiveCfg = Release|Any CPU
		{1D7FDE42-0CFF-4AD1-87C4-84CFE8B84EAA}.Release|x64.Build.0 = Release|Any CPU
		{1D7FDE42-0CFF-4AD1-87C4-84CFE8B84EAA}.Release|x86.ActiveCfg = Release|Any CPU
		{1D7FDE42-0CFF-4AD1-87C4-84CFE8B84EAA}.Release|x86.Build.0 = Release|Any CPU
		{CD3826D7-9A07-47C9-B519-D87A38FAE93E}.Debug|Any CPU.ActiveCfg = Debug|Any CPU
		{CD3826D7-9A07-47C9-B519-D87A38FAE93E}.Debug|Any CPU.Build.0 = Debug|Any CPU
		{CD3826D7-9A07-47C9-B519-D87A38FAE93E}.Debug|Itanium.ActiveCfg = Debug|Any CPU
		{CD3826D7-9A07-47C9-B519-D87A38FAE93E}.Debug|Itanium.Build.0 = Debug|Any CPU
		{CD3826D7-9A07-47C9-B519-D87A38FAE93E}.Debug|x64.ActiveCfg = Debug|Any CPU
		{CD3826D7-9A07-47C9-B519-D87A38FAE93E}.Debug|x64.Build.0 = Debug|Any CPU
		{CD3826D7-9A07-47C9-B519-D87A38FAE93E}.Debug|x86.ActiveCfg = Debug|Any CPU
		{CD3826D7-9A07-47C9-B519-D87A38FAE93E}.Debug|x86.Build.0 = Debug|Any CPU
		{CD3826D7-9A07-47C9-B519-D87A38FAE93E}.Release|Any CPU.ActiveCfg = Release|Any CPU
		{CD3826D7-9A07-47C9-B519-D87A38FAE93E}.Release|Any CPU.Build.0 = Release|Any CPU
		{CD3826D7-9A07-47C9-B519-D87A38FAE93E}.Release|Itanium.ActiveCfg = Release|Any CPU
		{CD3826D7-9A07-47C9-B519-D87A38FAE93E}.Release|Itanium.Build.0 = Release|Any CPU
		{CD3826D7-9A07-47C9-B519-D87A38FAE93E}.Release|x64.ActiveCfg = Release|Any CPU
		{CD3826D7-9A07-47C9-B519-D87A38FAE93E}.Release|x64.Build.0 = Release|Any CPU
		{CD3826D7-9A07-47C9-B519-D87A38FAE93E}.Release|x86.ActiveCfg = Release|Any CPU
		{CD3826D7-9A07-47C9-B519-D87A38FAE93E}.Release|x86.Build.0 = Release|Any CPU
		{966FCD7A-D46E-4986-9222-065CC4669376}.Debug|Any CPU.ActiveCfg = Debug|Any CPU
		{966FCD7A-D46E-4986-9222-065CC4669376}.Debug|Any CPU.Build.0 = Debug|Any CPU
		{966FCD7A-D46E-4986-9222-065CC4669376}.Debug|Itanium.ActiveCfg = Debug|Any CPU
		{966FCD7A-D46E-4986-9222-065CC4669376}.Debug|Itanium.Build.0 = Debug|Any CPU
		{966FCD7A-D46E-4986-9222-065CC4669376}.Debug|x64.ActiveCfg = Debug|Any CPU
		{966FCD7A-D46E-4986-9222-065CC4669376}.Debug|x64.Build.0 = Debug|Any CPU
		{966FCD7A-D46E-4986-9222-065CC4669376}.Debug|x86.ActiveCfg = Debug|Any CPU
		{966FCD7A-D46E-4986-9222-065CC4669376}.Debug|x86.Build.0 = Debug|Any CPU
		{966FCD7A-D46E-4986-9222-065CC4669376}.Release|Any CPU.ActiveCfg = Release|Any CPU
		{966FCD7A-D46E-4986-9222-065CC4669376}.Release|Any CPU.Build.0 = Release|Any CPU
		{966FCD7A-D46E-4986-9222-065CC4669376}.Release|Itanium.ActiveCfg = Release|Any CPU
		{966FCD7A-D46E-4986-9222-065CC4669376}.Release|Itanium.Build.0 = Release|Any CPU
		{966FCD7A-D46E-4986-9222-065CC4669376}.Release|x64.ActiveCfg = Release|Any CPU
		{966FCD7A-D46E-4986-9222-065CC4669376}.Release|x64.Build.0 = Release|Any CPU
		{966FCD7A-D46E-4986-9222-065CC4669376}.Release|x86.ActiveCfg = Release|Any CPU
		{966FCD7A-D46E-4986-9222-065CC4669376}.Release|x86.Build.0 = Release|Any CPU
		{DCADAC22-7203-46BF-9A79-45C0FD1C0219}.Debug|Any CPU.ActiveCfg = Debug|Any CPU
		{DCADAC22-7203-46BF-9A79-45C0FD1C0219}.Debug|Any CPU.Build.0 = Debug|Any CPU
		{DCADAC22-7203-46BF-9A79-45C0FD1C0219}.Debug|Itanium.ActiveCfg = Debug|Any CPU
		{DCADAC22-7203-46BF-9A79-45C0FD1C0219}.Debug|Itanium.Build.0 = Debug|Any CPU
		{DCADAC22-7203-46BF-9A79-45C0FD1C0219}.Debug|x64.ActiveCfg = Debug|Any CPU
		{DCADAC22-7203-46BF-9A79-45C0FD1C0219}.Debug|x64.Build.0 = Debug|Any CPU
		{DCADAC22-7203-46BF-9A79-45C0FD1C0219}.Debug|x86.ActiveCfg = Debug|Any CPU
		{DCADAC22-7203-46BF-9A79-45C0FD1C0219}.Debug|x86.Build.0 = Debug|Any CPU
		{DCADAC22-7203-46BF-9A79-45C0FD1C0219}.Release|Any CPU.ActiveCfg = Release|Any CPU
		{DCADAC22-7203-46BF-9A79-45C0FD1C0219}.Release|Any CPU.Build.0 = Release|Any CPU
		{DCADAC22-7203-46BF-9A79-45C0FD1C0219}.Release|Itanium.ActiveCfg = Release|Any CPU
		{DCADAC22-7203-46BF-9A79-45C0FD1C0219}.Release|Itanium.Build.0 = Release|Any CPU
		{DCADAC22-7203-46BF-9A79-45C0FD1C0219}.Release|x64.ActiveCfg = Release|Any CPU
		{DCADAC22-7203-46BF-9A79-45C0FD1C0219}.Release|x64.Build.0 = Release|Any CPU
		{DCADAC22-7203-46BF-9A79-45C0FD1C0219}.Release|x86.ActiveCfg = Release|Any CPU
		{DCADAC22-7203-46BF-9A79-45C0FD1C0219}.Release|x86.Build.0 = Release|Any CPU
		{BC7FB642-56BC-4536-9D17-13162DD469DC}.Debug|Any CPU.ActiveCfg = Debug|Any CPU
		{BC7FB642-56BC-4536-9D17-13162DD469DC}.Debug|Any CPU.Build.0 = Debug|Any CPU
		{BC7FB642-56BC-4536-9D17-13162DD469DC}.Debug|Itanium.ActiveCfg = Debug|Any CPU
		{BC7FB642-56BC-4536-9D17-13162DD469DC}.Debug|Itanium.Build.0 = Debug|Any CPU
		{BC7FB642-56BC-4536-9D17-13162DD469DC}.Debug|x64.ActiveCfg = Debug|Any CPU
		{BC7FB642-56BC-4536-9D17-13162DD469DC}.Debug|x64.Build.0 = Debug|Any CPU
		{BC7FB642-56BC-4536-9D17-13162DD469DC}.Debug|x86.ActiveCfg = Debug|Any CPU
		{BC7FB642-56BC-4536-9D17-13162DD469DC}.Debug|x86.Build.0 = Debug|Any CPU
		{BC7FB642-56BC-4536-9D17-13162DD469DC}.Release|Any CPU.ActiveCfg = Release|Any CPU
		{BC7FB642-56BC-4536-9D17-13162DD469DC}.Release|Any CPU.Build.0 = Release|Any CPU
		{BC7FB642-56BC-4536-9D17-13162DD469DC}.Release|Itanium.ActiveCfg = Release|Any CPU
		{BC7FB642-56BC-4536-9D17-13162DD469DC}.Release|Itanium.Build.0 = Release|Any CPU
		{BC7FB642-56BC-4536-9D17-13162DD469DC}.Release|x64.ActiveCfg = Release|Any CPU
		{BC7FB642-56BC-4536-9D17-13162DD469DC}.Release|x64.Build.0 = Release|Any CPU
		{BC7FB642-56BC-4536-9D17-13162DD469DC}.Release|x86.ActiveCfg = Release|Any CPU
		{BC7FB642-56BC-4536-9D17-13162DD469DC}.Release|x86.Build.0 = Release|Any CPU
		{4EC2F268-A5A8-4908-B2AD-92649B569A40}.Debug|Any CPU.ActiveCfg = Debug|Any CPU
		{4EC2F268-A5A8-4908-B2AD-92649B569A40}.Debug|Any CPU.Build.0 = Debug|Any CPU
		{4EC2F268-A5A8-4908-B2AD-92649B569A40}.Debug|Itanium.ActiveCfg = Debug|Any CPU
		{4EC2F268-A5A8-4908-B2AD-92649B569A40}.Debug|Itanium.Build.0 = Debug|Any CPU
		{4EC2F268-A5A8-4908-B2AD-92649B569A40}.Debug|x64.ActiveCfg = Debug|Any CPU
		{4EC2F268-A5A8-4908-B2AD-92649B569A40}.Debug|x64.Build.0 = Debug|Any CPU
		{4EC2F268-A5A8-4908-B2AD-92649B569A40}.Debug|x86.ActiveCfg = Debug|Any CPU
		{4EC2F268-A5A8-4908-B2AD-92649B569A40}.Debug|x86.Build.0 = Debug|Any CPU
		{4EC2F268-A5A8-4908-B2AD-92649B569A40}.Release|Any CPU.ActiveCfg = Release|Any CPU
		{4EC2F268-A5A8-4908-B2AD-92649B569A40}.Release|Any CPU.Build.0 = Release|Any CPU
		{4EC2F268-A5A8-4908-B2AD-92649B569A40}.Release|Itanium.ActiveCfg = Release|Any CPU
		{4EC2F268-A5A8-4908-B2AD-92649B569A40}.Release|Itanium.Build.0 = Release|Any CPU
		{4EC2F268-A5A8-4908-B2AD-92649B569A40}.Release|x64.ActiveCfg = Release|Any CPU
		{4EC2F268-A5A8-4908-B2AD-92649B569A40}.Release|x64.Build.0 = Release|Any CPU
		{4EC2F268-A5A8-4908-B2AD-92649B569A40}.Release|x86.ActiveCfg = Release|Any CPU
		{4EC2F268-A5A8-4908-B2AD-92649B569A40}.Release|x86.Build.0 = Release|Any CPU
		{39F73ED0-789E-48C0-B587-5FC99FBF82DF}.Debug|Any CPU.ActiveCfg = Debug|Any CPU
		{39F73ED0-789E-48C0-B587-5FC99FBF82DF}.Debug|Any CPU.Build.0 = Debug|Any CPU
		{39F73ED0-789E-48C0-B587-5FC99FBF82DF}.Debug|Itanium.ActiveCfg = Debug|Any CPU
		{39F73ED0-789E-48C0-B587-5FC99FBF82DF}.Debug|Itanium.Build.0 = Debug|Any CPU
		{39F73ED0-789E-48C0-B587-5FC99FBF82DF}.Debug|x64.ActiveCfg = Debug|Any CPU
		{39F73ED0-789E-48C0-B587-5FC99FBF82DF}.Debug|x64.Build.0 = Debug|Any CPU
		{39F73ED0-789E-48C0-B587-5FC99FBF82DF}.Debug|x86.ActiveCfg = Debug|Any CPU
		{39F73ED0-789E-48C0-B587-5FC99FBF82DF}.Debug|x86.Build.0 = Debug|Any CPU
		{39F73ED0-789E-48C0-B587-5FC99FBF82DF}.Release|Any CPU.ActiveCfg = Release|Any CPU
		{39F73ED0-789E-48C0-B587-5FC99FBF82DF}.Release|Any CPU.Build.0 = Release|Any CPU
		{39F73ED0-789E-48C0-B587-5FC99FBF82DF}.Release|Itanium.ActiveCfg = Release|Any CPU
		{39F73ED0-789E-48C0-B587-5FC99FBF82DF}.Release|Itanium.Build.0 = Release|Any CPU
		{39F73ED0-789E-48C0-B587-5FC99FBF82DF}.Release|x64.ActiveCfg = Release|Any CPU
		{39F73ED0-789E-48C0-B587-5FC99FBF82DF}.Release|x64.Build.0 = Release|Any CPU
		{39F73ED0-789E-48C0-B587-5FC99FBF82DF}.Release|x86.ActiveCfg = Release|Any CPU
		{39F73ED0-789E-48C0-B587-5FC99FBF82DF}.Release|x86.Build.0 = Release|Any CPU
		{D67C6502-D311-4429-B9EA-0FAF3FA35C06}.Debug|Any CPU.ActiveCfg = Debug|Any CPU
		{D67C6502-D311-4429-B9EA-0FAF3FA35C06}.Debug|Any CPU.Build.0 = Debug|Any CPU
		{D67C6502-D311-4429-B9EA-0FAF3FA35C06}.Debug|Itanium.ActiveCfg = Debug|Any CPU
		{D67C6502-D311-4429-B9EA-0FAF3FA35C06}.Debug|Itanium.Build.0 = Debug|Any CPU
		{D67C6502-D311-4429-B9EA-0FAF3FA35C06}.Debug|x64.ActiveCfg = Debug|Any CPU
		{D67C6502-D311-4429-B9EA-0FAF3FA35C06}.Debug|x64.Build.0 = Debug|Any CPU
		{D67C6502-D311-4429-B9EA-0FAF3FA35C06}.Debug|x86.ActiveCfg = Debug|Any CPU
		{D67C6502-D311-4429-B9EA-0FAF3FA35C06}.Debug|x86.Build.0 = Debug|Any CPU
		{D67C6502-D311-4429-B9EA-0FAF3FA35C06}.Release|Any CPU.ActiveCfg = Release|Any CPU
		{D67C6502-D311-4429-B9EA-0FAF3FA35C06}.Release|Any CPU.Build.0 = Release|Any CPU
		{D67C6502-D311-4429-B9EA-0FAF3FA35C06}.Release|Itanium.ActiveCfg = Release|Any CPU
		{D67C6502-D311-4429-B9EA-0FAF3FA35C06}.Release|Itanium.Build.0 = Release|Any CPU
		{D67C6502-D311-4429-B9EA-0FAF3FA35C06}.Release|x64.ActiveCfg = Release|Any CPU
		{D67C6502-D311-4429-B9EA-0FAF3FA35C06}.Release|x64.Build.0 = Release|Any CPU
		{D67C6502-D311-4429-B9EA-0FAF3FA35C06}.Release|x86.ActiveCfg = Release|Any CPU
		{D67C6502-D311-4429-B9EA-0FAF3FA35C06}.Release|x86.Build.0 = Release|Any CPU
		{60E13689-760C-4BCB-9B39-E7C20DE5C92E}.Debug|Any CPU.ActiveCfg = Debug|Any CPU
		{60E13689-760C-4BCB-9B39-E7C20DE5C92E}.Debug|Any CPU.Build.0 = Debug|Any CPU
		{60E13689-760C-4BCB-9B39-E7C20DE5C92E}.Debug|Itanium.ActiveCfg = Debug|Any CPU
		{60E13689-760C-4BCB-9B39-E7C20DE5C92E}.Debug|Itanium.Build.0 = Debug|Any CPU
		{60E13689-760C-4BCB-9B39-E7C20DE5C92E}.Debug|x64.ActiveCfg = Debug|Any CPU
		{60E13689-760C-4BCB-9B39-E7C20DE5C92E}.Debug|x64.Build.0 = Debug|Any CPU
		{60E13689-760C-4BCB-9B39-E7C20DE5C92E}.Debug|x86.ActiveCfg = Debug|Any CPU
		{60E13689-760C-4BCB-9B39-E7C20DE5C92E}.Debug|x86.Build.0 = Debug|Any CPU
		{60E13689-760C-4BCB-9B39-E7C20DE5C92E}.Release|Any CPU.ActiveCfg = Release|Any CPU
		{60E13689-760C-4BCB-9B39-E7C20DE5C92E}.Release|Any CPU.Build.0 = Release|Any CPU
		{60E13689-760C-4BCB-9B39-E7C20DE5C92E}.Release|Itanium.ActiveCfg = Release|Any CPU
		{60E13689-760C-4BCB-9B39-E7C20DE5C92E}.Release|Itanium.Build.0 = Release|Any CPU
		{60E13689-760C-4BCB-9B39-E7C20DE5C92E}.Release|x64.ActiveCfg = Release|Any CPU
		{60E13689-760C-4BCB-9B39-E7C20DE5C92E}.Release|x64.Build.0 = Release|Any CPU
		{60E13689-760C-4BCB-9B39-E7C20DE5C92E}.Release|x86.ActiveCfg = Release|Any CPU
		{60E13689-760C-4BCB-9B39-E7C20DE5C92E}.Release|x86.Build.0 = Release|Any CPU
		{6B3A56FD-3A29-41E4-8EF7-FF7E4607738E}.Debug|Any CPU.ActiveCfg = Debug|Any CPU
		{6B3A56FD-3A29-41E4-8EF7-FF7E4607738E}.Debug|Any CPU.Build.0 = Debug|Any CPU
		{6B3A56FD-3A29-41E4-8EF7-FF7E4607738E}.Debug|Itanium.ActiveCfg = Debug|Any CPU
		{6B3A56FD-3A29-41E4-8EF7-FF7E4607738E}.Debug|Itanium.Build.0 = Debug|Any CPU
		{6B3A56FD-3A29-41E4-8EF7-FF7E4607738E}.Debug|x64.ActiveCfg = Debug|Any CPU
		{6B3A56FD-3A29-41E4-8EF7-FF7E4607738E}.Debug|x64.Build.0 = Debug|Any CPU
		{6B3A56FD-3A29-41E4-8EF7-FF7E4607738E}.Debug|x86.ActiveCfg = Debug|Any CPU
		{6B3A56FD-3A29-41E4-8EF7-FF7E4607738E}.Debug|x86.Build.0 = Debug|Any CPU
		{6B3A56FD-3A29-41E4-8EF7-FF7E4607738E}.Release|Any CPU.ActiveCfg = Release|Any CPU
		{6B3A56FD-3A29-41E4-8EF7-FF7E4607738E}.Release|Any CPU.Build.0 = Release|Any CPU
		{6B3A56FD-3A29-41E4-8EF7-FF7E4607738E}.Release|Itanium.ActiveCfg = Release|Any CPU
		{6B3A56FD-3A29-41E4-8EF7-FF7E4607738E}.Release|Itanium.Build.0 = Release|Any CPU
		{6B3A56FD-3A29-41E4-8EF7-FF7E4607738E}.Release|x64.ActiveCfg = Release|Any CPU
		{6B3A56FD-3A29-41E4-8EF7-FF7E4607738E}.Release|x64.Build.0 = Release|Any CPU
		{6B3A56FD-3A29-41E4-8EF7-FF7E4607738E}.Release|x86.ActiveCfg = Release|Any CPU
		{6B3A56FD-3A29-41E4-8EF7-FF7E4607738E}.Release|x86.Build.0 = Release|Any CPU
		{78DF4472-E7CC-4FA7-B746-7E2965300D3F}.Debug|Any CPU.ActiveCfg = Debug|Any CPU
		{78DF4472-E7CC-4FA7-B746-7E2965300D3F}.Debug|Any CPU.Build.0 = Debug|Any CPU
		{78DF4472-E7CC-4FA7-B746-7E2965300D3F}.Debug|Itanium.ActiveCfg = Debug|Any CPU
		{78DF4472-E7CC-4FA7-B746-7E2965300D3F}.Debug|Itanium.Build.0 = Debug|Any CPU
		{78DF4472-E7CC-4FA7-B746-7E2965300D3F}.Debug|x64.ActiveCfg = Debug|Any CPU
		{78DF4472-E7CC-4FA7-B746-7E2965300D3F}.Debug|x64.Build.0 = Debug|Any CPU
		{78DF4472-E7CC-4FA7-B746-7E2965300D3F}.Debug|x86.ActiveCfg = Debug|Any CPU
		{78DF4472-E7CC-4FA7-B746-7E2965300D3F}.Debug|x86.Build.0 = Debug|Any CPU
		{78DF4472-E7CC-4FA7-B746-7E2965300D3F}.Release|Any CPU.ActiveCfg = Release|Any CPU
		{78DF4472-E7CC-4FA7-B746-7E2965300D3F}.Release|Any CPU.Build.0 = Release|Any CPU
		{78DF4472-E7CC-4FA7-B746-7E2965300D3F}.Release|Itanium.ActiveCfg = Release|Any CPU
		{78DF4472-E7CC-4FA7-B746-7E2965300D3F}.Release|Itanium.Build.0 = Release|Any CPU
		{78DF4472-E7CC-4FA7-B746-7E2965300D3F}.Release|x64.ActiveCfg = Release|Any CPU
		{78DF4472-E7CC-4FA7-B746-7E2965300D3F}.Release|x64.Build.0 = Release|Any CPU
		{78DF4472-E7CC-4FA7-B746-7E2965300D3F}.Release|x86.ActiveCfg = Release|Any CPU
		{78DF4472-E7CC-4FA7-B746-7E2965300D3F}.Release|x86.Build.0 = Release|Any CPU
		{EFC4FADD-343C-44E1-8798-D912DB4F78C2}.Debug|Any CPU.ActiveCfg = Debug|Any CPU
		{EFC4FADD-343C-44E1-8798-D912DB4F78C2}.Debug|Any CPU.Build.0 = Debug|Any CPU
		{EFC4FADD-343C-44E1-8798-D912DB4F78C2}.Debug|Itanium.ActiveCfg = Debug|Any CPU
		{EFC4FADD-343C-44E1-8798-D912DB4F78C2}.Debug|Itanium.Build.0 = Debug|Any CPU
		{EFC4FADD-343C-44E1-8798-D912DB4F78C2}.Debug|x64.ActiveCfg = Debug|Any CPU
		{EFC4FADD-343C-44E1-8798-D912DB4F78C2}.Debug|x64.Build.0 = Debug|Any CPU
		{EFC4FADD-343C-44E1-8798-D912DB4F78C2}.Debug|x86.ActiveCfg = Debug|Any CPU
		{EFC4FADD-343C-44E1-8798-D912DB4F78C2}.Debug|x86.Build.0 = Debug|Any CPU
		{EFC4FADD-343C-44E1-8798-D912DB4F78C2}.Release|Any CPU.ActiveCfg = Release|Any CPU
		{EFC4FADD-343C-44E1-8798-D912DB4F78C2}.Release|Any CPU.Build.0 = Release|Any CPU
		{EFC4FADD-343C-44E1-8798-D912DB4F78C2}.Release|Itanium.ActiveCfg = Release|Any CPU
		{EFC4FADD-343C-44E1-8798-D912DB4F78C2}.Release|Itanium.Build.0 = Release|Any CPU
		{EFC4FADD-343C-44E1-8798-D912DB4F78C2}.Release|x64.ActiveCfg = Release|Any CPU
		{EFC4FADD-343C-44E1-8798-D912DB4F78C2}.Release|x64.Build.0 = Release|Any CPU
		{EFC4FADD-343C-44E1-8798-D912DB4F78C2}.Release|x86.ActiveCfg = Release|Any CPU
		{EFC4FADD-343C-44E1-8798-D912DB4F78C2}.Release|x86.Build.0 = Release|Any CPU
		{7C9DF78B-7C31-4E5A-BD46-887574F51CC1}.Debug|Any CPU.ActiveCfg = Debug|Any CPU
		{7C9DF78B-7C31-4E5A-BD46-887574F51CC1}.Debug|Any CPU.Build.0 = Debug|Any CPU
		{7C9DF78B-7C31-4E5A-BD46-887574F51CC1}.Debug|Itanium.ActiveCfg = Debug|Any CPU
		{7C9DF78B-7C31-4E5A-BD46-887574F51CC1}.Debug|Itanium.Build.0 = Debug|Any CPU
		{7C9DF78B-7C31-4E5A-BD46-887574F51CC1}.Debug|x64.ActiveCfg = Debug|Any CPU
		{7C9DF78B-7C31-4E5A-BD46-887574F51CC1}.Debug|x64.Build.0 = Debug|Any CPU
		{7C9DF78B-7C31-4E5A-BD46-887574F51CC1}.Debug|x86.ActiveCfg = Debug|Any CPU
		{7C9DF78B-7C31-4E5A-BD46-887574F51CC1}.Debug|x86.Build.0 = Debug|Any CPU
		{7C9DF78B-7C31-4E5A-BD46-887574F51CC1}.Release|Any CPU.ActiveCfg = Release|Any CPU
		{7C9DF78B-7C31-4E5A-BD46-887574F51CC1}.Release|Any CPU.Build.0 = Release|Any CPU
		{7C9DF78B-7C31-4E5A-BD46-887574F51CC1}.Release|Itanium.ActiveCfg = Release|Any CPU
		{7C9DF78B-7C31-4E5A-BD46-887574F51CC1}.Release|Itanium.Build.0 = Release|Any CPU
		{7C9DF78B-7C31-4E5A-BD46-887574F51CC1}.Release|x64.ActiveCfg = Release|Any CPU
		{7C9DF78B-7C31-4E5A-BD46-887574F51CC1}.Release|x64.Build.0 = Release|Any CPU
		{7C9DF78B-7C31-4E5A-BD46-887574F51CC1}.Release|x86.ActiveCfg = Release|Any CPU
		{7C9DF78B-7C31-4E5A-BD46-887574F51CC1}.Release|x86.Build.0 = Release|Any CPU
		{53EE2B97-E1FB-472B-8A19-0D825965F112}.Debug|Any CPU.ActiveCfg = Debug|Any CPU
		{53EE2B97-E1FB-472B-8A19-0D825965F112}.Debug|Any CPU.Build.0 = Debug|Any CPU
		{53EE2B97-E1FB-472B-8A19-0D825965F112}.Debug|Itanium.ActiveCfg = Debug|Any CPU
		{53EE2B97-E1FB-472B-8A19-0D825965F112}.Debug|Itanium.Build.0 = Debug|Any CPU
		{53EE2B97-E1FB-472B-8A19-0D825965F112}.Debug|x64.ActiveCfg = Debug|Any CPU
		{53EE2B97-E1FB-472B-8A19-0D825965F112}.Debug|x64.Build.0 = Debug|Any CPU
		{53EE2B97-E1FB-472B-8A19-0D825965F112}.Debug|x86.ActiveCfg = Debug|Any CPU
		{53EE2B97-E1FB-472B-8A19-0D825965F112}.Debug|x86.Build.0 = Debug|Any CPU
		{53EE2B97-E1FB-472B-8A19-0D825965F112}.Release|Any CPU.ActiveCfg = Release|Any CPU
		{53EE2B97-E1FB-472B-8A19-0D825965F112}.Release|Any CPU.Build.0 = Release|Any CPU
		{53EE2B97-E1FB-472B-8A19-0D825965F112}.Release|Itanium.ActiveCfg = Release|Any CPU
		{53EE2B97-E1FB-472B-8A19-0D825965F112}.Release|Itanium.Build.0 = Release|Any CPU
		{53EE2B97-E1FB-472B-8A19-0D825965F112}.Release|x64.ActiveCfg = Release|Any CPU
		{53EE2B97-E1FB-472B-8A19-0D825965F112}.Release|x64.Build.0 = Release|Any CPU
		{53EE2B97-E1FB-472B-8A19-0D825965F112}.Release|x86.ActiveCfg = Release|Any CPU
		{53EE2B97-E1FB-472B-8A19-0D825965F112}.Release|x86.Build.0 = Release|Any CPU
		{9BAA53FD-89B5-43E2-AC59-A27B006DEBB6}.Debug|Any CPU.ActiveCfg = Debug|Any CPU
		{9BAA53FD-89B5-43E2-AC59-A27B006DEBB6}.Debug|Any CPU.Build.0 = Debug|Any CPU
		{9BAA53FD-89B5-43E2-AC59-A27B006DEBB6}.Debug|Itanium.ActiveCfg = Debug|Any CPU
		{9BAA53FD-89B5-43E2-AC59-A27B006DEBB6}.Debug|Itanium.Build.0 = Debug|Any CPU
		{9BAA53FD-89B5-43E2-AC59-A27B006DEBB6}.Debug|x64.ActiveCfg = Debug|x64
		{9BAA53FD-89B5-43E2-AC59-A27B006DEBB6}.Debug|x64.Build.0 = Debug|x64
		{9BAA53FD-89B5-43E2-AC59-A27B006DEBB6}.Debug|x86.ActiveCfg = Debug|x86
		{9BAA53FD-89B5-43E2-AC59-A27B006DEBB6}.Debug|x86.Build.0 = Debug|x86
		{9BAA53FD-89B5-43E2-AC59-A27B006DEBB6}.Release|Any CPU.ActiveCfg = Release|Any CPU
		{9BAA53FD-89B5-43E2-AC59-A27B006DEBB6}.Release|Any CPU.Build.0 = Release|Any CPU
		{9BAA53FD-89B5-43E2-AC59-A27B006DEBB6}.Release|Itanium.ActiveCfg = Release|Any CPU
		{9BAA53FD-89B5-43E2-AC59-A27B006DEBB6}.Release|Itanium.Build.0 = Release|Any CPU
		{9BAA53FD-89B5-43E2-AC59-A27B006DEBB6}.Release|x64.ActiveCfg = Release|x64
		{9BAA53FD-89B5-43E2-AC59-A27B006DEBB6}.Release|x64.Build.0 = Release|x64
		{9BAA53FD-89B5-43E2-AC59-A27B006DEBB6}.Release|x86.ActiveCfg = Release|x86
		{9BAA53FD-89B5-43E2-AC59-A27B006DEBB6}.Release|x86.Build.0 = Release|x86
		{2DDF3244-F788-4076-A361-9C459EE5796E}.Debug|Any CPU.ActiveCfg = Debug|Any CPU
		{2DDF3244-F788-4076-A361-9C459EE5796E}.Debug|Any CPU.Build.0 = Debug|Any CPU
		{2DDF3244-F788-4076-A361-9C459EE5796E}.Debug|Itanium.ActiveCfg = Debug|Any CPU
		{2DDF3244-F788-4076-A361-9C459EE5796E}.Debug|Itanium.Build.0 = Debug|Any CPU
		{2DDF3244-F788-4076-A361-9C459EE5796E}.Debug|x64.ActiveCfg = Debug|Any CPU
		{2DDF3244-F788-4076-A361-9C459EE5796E}.Debug|x64.Build.0 = Debug|Any CPU
		{2DDF3244-F788-4076-A361-9C459EE5796E}.Debug|x86.ActiveCfg = Debug|Any CPU
		{2DDF3244-F788-4076-A361-9C459EE5796E}.Debug|x86.Build.0 = Debug|Any CPU
		{2DDF3244-F788-4076-A361-9C459EE5796E}.Release|Any CPU.ActiveCfg = Release|Any CPU
		{2DDF3244-F788-4076-A361-9C459EE5796E}.Release|Any CPU.Build.0 = Release|Any CPU
		{2DDF3244-F788-4076-A361-9C459EE5796E}.Release|Itanium.ActiveCfg = Release|Any CPU
		{2DDF3244-F788-4076-A361-9C459EE5796E}.Release|Itanium.Build.0 = Release|Any CPU
		{2DDF3244-F788-4076-A361-9C459EE5796E}.Release|x64.ActiveCfg = Release|Any CPU
		{2DDF3244-F788-4076-A361-9C459EE5796E}.Release|x64.Build.0 = Release|Any CPU
		{2DDF3244-F788-4076-A361-9C459EE5796E}.Release|x86.ActiveCfg = Release|Any CPU
		{2DDF3244-F788-4076-A361-9C459EE5796E}.Release|x86.Build.0 = Release|Any CPU
		{5A171807-E17C-4A18-9732-357C73A366C9}.Debug|Any CPU.ActiveCfg = Debug|Any CPU
		{5A171807-E17C-4A18-9732-357C73A366C9}.Debug|Any CPU.Build.0 = Debug|Any CPU
		{5A171807-E17C-4A18-9732-357C73A366C9}.Debug|Itanium.ActiveCfg = Debug|Any CPU
		{5A171807-E17C-4A18-9732-357C73A366C9}.Debug|Itanium.Build.0 = Debug|Any CPU
		{5A171807-E17C-4A18-9732-357C73A366C9}.Debug|x64.ActiveCfg = Debug|x64
		{5A171807-E17C-4A18-9732-357C73A366C9}.Debug|x64.Build.0 = Debug|x64
		{5A171807-E17C-4A18-9732-357C73A366C9}.Debug|x86.ActiveCfg = Debug|Any CPU
		{5A171807-E17C-4A18-9732-357C73A366C9}.Debug|x86.Build.0 = Debug|Any CPU
		{5A171807-E17C-4A18-9732-357C73A366C9}.Release|Any CPU.ActiveCfg = Release|Any CPU
		{5A171807-E17C-4A18-9732-357C73A366C9}.Release|Any CPU.Build.0 = Release|Any CPU
		{5A171807-E17C-4A18-9732-357C73A366C9}.Release|Itanium.ActiveCfg = Release|Any CPU
		{5A171807-E17C-4A18-9732-357C73A366C9}.Release|Itanium.Build.0 = Release|Any CPU
		{5A171807-E17C-4A18-9732-357C73A366C9}.Release|x64.ActiveCfg = Release|x64
		{5A171807-E17C-4A18-9732-357C73A366C9}.Release|x64.Build.0 = Release|x64
		{5A171807-E17C-4A18-9732-357C73A366C9}.Release|x86.ActiveCfg = Release|Any CPU
		{5A171807-E17C-4A18-9732-357C73A366C9}.Release|x86.Build.0 = Release|Any CPU
		{4DBDA2DF-F8F6-4C03-B182-823218E33713}.Debug|Any CPU.ActiveCfg = Debug|Any CPU
		{4DBDA2DF-F8F6-4C03-B182-823218E33713}.Debug|Any CPU.Build.0 = Debug|Any CPU
		{4DBDA2DF-F8F6-4C03-B182-823218E33713}.Debug|Itanium.ActiveCfg = Debug|Any CPU
		{4DBDA2DF-F8F6-4C03-B182-823218E33713}.Debug|Itanium.Build.0 = Debug|Any CPU
		{4DBDA2DF-F8F6-4C03-B182-823218E33713}.Debug|x64.ActiveCfg = Debug|Any CPU
		{4DBDA2DF-F8F6-4C03-B182-823218E33713}.Debug|x64.Build.0 = Debug|Any CPU
		{4DBDA2DF-F8F6-4C03-B182-823218E33713}.Debug|x86.ActiveCfg = Debug|Any CPU
		{4DBDA2DF-F8F6-4C03-B182-823218E33713}.Debug|x86.Build.0 = Debug|Any CPU
		{4DBDA2DF-F8F6-4C03-B182-823218E33713}.Release|Any CPU.ActiveCfg = Release|Any CPU
		{4DBDA2DF-F8F6-4C03-B182-823218E33713}.Release|Any CPU.Build.0 = Release|Any CPU
		{4DBDA2DF-F8F6-4C03-B182-823218E33713}.Release|Itanium.ActiveCfg = Release|Any CPU
		{4DBDA2DF-F8F6-4C03-B182-823218E33713}.Release|Itanium.Build.0 = Release|Any CPU
		{4DBDA2DF-F8F6-4C03-B182-823218E33713}.Release|x64.ActiveCfg = Release|Any CPU
		{4DBDA2DF-F8F6-4C03-B182-823218E33713}.Release|x64.Build.0 = Release|Any CPU
		{4DBDA2DF-F8F6-4C03-B182-823218E33713}.Release|x86.ActiveCfg = Release|Any CPU
		{4DBDA2DF-F8F6-4C03-B182-823218E33713}.Release|x86.Build.0 = Release|Any CPU
		{926397D3-28DC-4F5F-A37E-BA8FEF9D6966}.Debug|Any CPU.ActiveCfg = Debug|Any CPU
		{926397D3-28DC-4F5F-A37E-BA8FEF9D6966}.Debug|Any CPU.Build.0 = Debug|Any CPU
		{926397D3-28DC-4F5F-A37E-BA8FEF9D6966}.Debug|Itanium.ActiveCfg = Debug|Itanium
		{926397D3-28DC-4F5F-A37E-BA8FEF9D6966}.Debug|Itanium.Build.0 = Debug|Itanium
		{926397D3-28DC-4F5F-A37E-BA8FEF9D6966}.Debug|x64.ActiveCfg = Debug|x64
		{926397D3-28DC-4F5F-A37E-BA8FEF9D6966}.Debug|x64.Build.0 = Debug|x64
		{926397D3-28DC-4F5F-A37E-BA8FEF9D6966}.Debug|x86.ActiveCfg = Debug|x86
		{926397D3-28DC-4F5F-A37E-BA8FEF9D6966}.Debug|x86.Build.0 = Debug|x86
		{926397D3-28DC-4F5F-A37E-BA8FEF9D6966}.Release|Any CPU.ActiveCfg = Release|Any CPU
		{926397D3-28DC-4F5F-A37E-BA8FEF9D6966}.Release|Any CPU.Build.0 = Release|Any CPU
		{926397D3-28DC-4F5F-A37E-BA8FEF9D6966}.Release|Itanium.ActiveCfg = Release|Itanium
		{926397D3-28DC-4F5F-A37E-BA8FEF9D6966}.Release|Itanium.Build.0 = Release|Itanium
		{926397D3-28DC-4F5F-A37E-BA8FEF9D6966}.Release|x64.ActiveCfg = Release|x64
		{926397D3-28DC-4F5F-A37E-BA8FEF9D6966}.Release|x64.Build.0 = Release|x64
		{926397D3-28DC-4F5F-A37E-BA8FEF9D6966}.Release|x86.ActiveCfg = Release|x86
		{926397D3-28DC-4F5F-A37E-BA8FEF9D6966}.Release|x86.Build.0 = Release|x86
		{7FD49F62-13A5-4FC7-8C7A-344A4C1DAE20}.Debug|Any CPU.ActiveCfg = Debug|Any CPU
		{7FD49F62-13A5-4FC7-8C7A-344A4C1DAE20}.Debug|Any CPU.Build.0 = Debug|Any CPU
		{7FD49F62-13A5-4FC7-8C7A-344A4C1DAE20}.Debug|Itanium.ActiveCfg = Debug|Any CPU
		{7FD49F62-13A5-4FC7-8C7A-344A4C1DAE20}.Debug|Itanium.Build.0 = Debug|Any CPU
		{7FD49F62-13A5-4FC7-8C7A-344A4C1DAE20}.Debug|x64.ActiveCfg = Debug|Any CPU
		{7FD49F62-13A5-4FC7-8C7A-344A4C1DAE20}.Debug|x64.Build.0 = Debug|Any CPU
		{7FD49F62-13A5-4FC7-8C7A-344A4C1DAE20}.Debug|x86.ActiveCfg = Debug|Any CPU
		{7FD49F62-13A5-4FC7-8C7A-344A4C1DAE20}.Debug|x86.Build.0 = Debug|Any CPU
		{7FD49F62-13A5-4FC7-8C7A-344A4C1DAE20}.Release|Any CPU.ActiveCfg = Release|Any CPU
		{7FD49F62-13A5-4FC7-8C7A-344A4C1DAE20}.Release|Any CPU.Build.0 = Release|Any CPU
		{7FD49F62-13A5-4FC7-8C7A-344A4C1DAE20}.Release|Itanium.ActiveCfg = Release|Any CPU
		{7FD49F62-13A5-4FC7-8C7A-344A4C1DAE20}.Release|Itanium.Build.0 = Release|Any CPU
		{7FD49F62-13A5-4FC7-8C7A-344A4C1DAE20}.Release|x64.ActiveCfg = Release|Any CPU
		{7FD49F62-13A5-4FC7-8C7A-344A4C1DAE20}.Release|x64.Build.0 = Release|Any CPU
		{7FD49F62-13A5-4FC7-8C7A-344A4C1DAE20}.Release|x86.ActiveCfg = Release|Any CPU
		{7FD49F62-13A5-4FC7-8C7A-344A4C1DAE20}.Release|x86.Build.0 = Release|Any CPU
		{BEB4E5EC-5A86-4CAD-B08F-70C65D8D79EC}.Debug|Any CPU.ActiveCfg = Debug|Any CPU
		{BEB4E5EC-5A86-4CAD-B08F-70C65D8D79EC}.Debug|Any CPU.Build.0 = Debug|Any CPU
		{BEB4E5EC-5A86-4CAD-B08F-70C65D8D79EC}.Debug|Itanium.ActiveCfg = Debug|Any CPU
		{BEB4E5EC-5A86-4CAD-B08F-70C65D8D79EC}.Debug|Itanium.Build.0 = Debug|Any CPU
		{BEB4E5EC-5A86-4CAD-B08F-70C65D8D79EC}.Debug|x64.ActiveCfg = Debug|Any CPU
		{BEB4E5EC-5A86-4CAD-B08F-70C65D8D79EC}.Debug|x64.Build.0 = Debug|Any CPU
		{BEB4E5EC-5A86-4CAD-B08F-70C65D8D79EC}.Debug|x86.ActiveCfg = Debug|Any CPU
		{BEB4E5EC-5A86-4CAD-B08F-70C65D8D79EC}.Debug|x86.Build.0 = Debug|Any CPU
		{BEB4E5EC-5A86-4CAD-B08F-70C65D8D79EC}.Release|Any CPU.ActiveCfg = Release|Any CPU
		{BEB4E5EC-5A86-4CAD-B08F-70C65D8D79EC}.Release|Any CPU.Build.0 = Release|Any CPU
		{BEB4E5EC-5A86-4CAD-B08F-70C65D8D79EC}.Release|Itanium.ActiveCfg = Release|Any CPU
		{BEB4E5EC-5A86-4CAD-B08F-70C65D8D79EC}.Release|Itanium.Build.0 = Release|Any CPU
		{BEB4E5EC-5A86-4CAD-B08F-70C65D8D79EC}.Release|x64.ActiveCfg = Release|Any CPU
		{BEB4E5EC-5A86-4CAD-B08F-70C65D8D79EC}.Release|x64.Build.0 = Release|Any CPU
		{BEB4E5EC-5A86-4CAD-B08F-70C65D8D79EC}.Release|x86.ActiveCfg = Release|Any CPU
		{BEB4E5EC-5A86-4CAD-B08F-70C65D8D79EC}.Release|x86.Build.0 = Release|Any CPU
		{13B6E063-675C-4418-8A91-5AFC8FE70A97}.Debug|Any CPU.ActiveCfg = Debug|Any CPU
		{13B6E063-675C-4418-8A91-5AFC8FE70A97}.Debug|Any CPU.Build.0 = Debug|Any CPU
		{13B6E063-675C-4418-8A91-5AFC8FE70A97}.Debug|Itanium.ActiveCfg = Debug|Any CPU
		{13B6E063-675C-4418-8A91-5AFC8FE70A97}.Debug|Itanium.Build.0 = Debug|Any CPU
		{13B6E063-675C-4418-8A91-5AFC8FE70A97}.Debug|x64.ActiveCfg = Debug|Any CPU
		{13B6E063-675C-4418-8A91-5AFC8FE70A97}.Debug|x64.Build.0 = Debug|Any CPU
		{13B6E063-675C-4418-8A91-5AFC8FE70A97}.Debug|x86.ActiveCfg = Debug|Any CPU
		{13B6E063-675C-4418-8A91-5AFC8FE70A97}.Debug|x86.Build.0 = Debug|Any CPU
		{13B6E063-675C-4418-8A91-5AFC8FE70A97}.Release|Any CPU.ActiveCfg = Release|Any CPU
		{13B6E063-675C-4418-8A91-5AFC8FE70A97}.Release|Any CPU.Build.0 = Release|Any CPU
		{13B6E063-675C-4418-8A91-5AFC8FE70A97}.Release|Itanium.ActiveCfg = Release|Any CPU
		{13B6E063-675C-4418-8A91-5AFC8FE70A97}.Release|Itanium.Build.0 = Release|Any CPU
		{13B6E063-675C-4418-8A91-5AFC8FE70A97}.Release|x64.ActiveCfg = Release|Any CPU
		{13B6E063-675C-4418-8A91-5AFC8FE70A97}.Release|x64.Build.0 = Release|Any CPU
		{13B6E063-675C-4418-8A91-5AFC8FE70A97}.Release|x86.ActiveCfg = Release|Any CPU
		{13B6E063-675C-4418-8A91-5AFC8FE70A97}.Release|x86.Build.0 = Release|Any CPU
		{70A3A3EE-FB21-41A6-9D16-991E27F604B5}.Debug|Any CPU.ActiveCfg = Debug|Any CPU
		{70A3A3EE-FB21-41A6-9D16-991E27F604B5}.Debug|Any CPU.Build.0 = Debug|Any CPU
		{70A3A3EE-FB21-41A6-9D16-991E27F604B5}.Debug|Itanium.ActiveCfg = Debug|Any CPU
		{70A3A3EE-FB21-41A6-9D16-991E27F604B5}.Debug|Itanium.Build.0 = Debug|Any CPU
		{70A3A3EE-FB21-41A6-9D16-991E27F604B5}.Debug|x64.ActiveCfg = Debug|Any CPU
		{70A3A3EE-FB21-41A6-9D16-991E27F604B5}.Debug|x64.Build.0 = Debug|Any CPU
		{70A3A3EE-FB21-41A6-9D16-991E27F604B5}.Debug|x86.ActiveCfg = Debug|Any CPU
		{70A3A3EE-FB21-41A6-9D16-991E27F604B5}.Debug|x86.Build.0 = Debug|Any CPU
		{70A3A3EE-FB21-41A6-9D16-991E27F604B5}.Release|Any CPU.ActiveCfg = Release|Any CPU
		{70A3A3EE-FB21-41A6-9D16-991E27F604B5}.Release|Any CPU.Build.0 = Release|Any CPU
		{70A3A3EE-FB21-41A6-9D16-991E27F604B5}.Release|Itanium.ActiveCfg = Release|Any CPU
		{70A3A3EE-FB21-41A6-9D16-991E27F604B5}.Release|Itanium.Build.0 = Release|Any CPU
		{70A3A3EE-FB21-41A6-9D16-991E27F604B5}.Release|x64.ActiveCfg = Release|Any CPU
		{70A3A3EE-FB21-41A6-9D16-991E27F604B5}.Release|x64.Build.0 = Release|Any CPU
		{70A3A3EE-FB21-41A6-9D16-991E27F604B5}.Release|x86.ActiveCfg = Release|Any CPU
		{70A3A3EE-FB21-41A6-9D16-991E27F604B5}.Release|x86.Build.0 = Release|Any CPU
		{D09AF057-E6B3-4371-A90D-B58C65FE1241}.Debug|Any CPU.ActiveCfg = Debug|Any CPU
		{D09AF057-E6B3-4371-A90D-B58C65FE1241}.Debug|Any CPU.Build.0 = Debug|Any CPU
		{D09AF057-E6B3-4371-A90D-B58C65FE1241}.Debug|Itanium.ActiveCfg = Debug|Any CPU
		{D09AF057-E6B3-4371-A90D-B58C65FE1241}.Debug|Itanium.Build.0 = Debug|Any CPU
		{D09AF057-E6B3-4371-A90D-B58C65FE1241}.Debug|x64.ActiveCfg = Debug|Any CPU
		{D09AF057-E6B3-4371-A90D-B58C65FE1241}.Debug|x64.Build.0 = Debug|Any CPU
		{D09AF057-E6B3-4371-A90D-B58C65FE1241}.Debug|x86.ActiveCfg = Debug|Any CPU
		{D09AF057-E6B3-4371-A90D-B58C65FE1241}.Debug|x86.Build.0 = Debug|Any CPU
		{D09AF057-E6B3-4371-A90D-B58C65FE1241}.Release|Any CPU.ActiveCfg = Release|Any CPU
		{D09AF057-E6B3-4371-A90D-B58C65FE1241}.Release|Any CPU.Build.0 = Release|Any CPU
		{D09AF057-E6B3-4371-A90D-B58C65FE1241}.Release|Itanium.ActiveCfg = Release|Any CPU
		{D09AF057-E6B3-4371-A90D-B58C65FE1241}.Release|Itanium.Build.0 = Release|Any CPU
		{D09AF057-E6B3-4371-A90D-B58C65FE1241}.Release|x64.ActiveCfg = Release|Any CPU
		{D09AF057-E6B3-4371-A90D-B58C65FE1241}.Release|x64.Build.0 = Release|Any CPU
		{D09AF057-E6B3-4371-A90D-B58C65FE1241}.Release|x86.ActiveCfg = Release|Any CPU
		{D09AF057-E6B3-4371-A90D-B58C65FE1241}.Release|x86.Build.0 = Release|Any CPU
		{3A446FC0-9A69-4CDE-9FE7-95F8D103CEFE}.Debug|Any CPU.ActiveCfg = Debug|Any CPU
		{3A446FC0-9A69-4CDE-9FE7-95F8D103CEFE}.Debug|Any CPU.Build.0 = Debug|Any CPU
		{3A446FC0-9A69-4CDE-9FE7-95F8D103CEFE}.Debug|Itanium.ActiveCfg = Debug|Any CPU
		{3A446FC0-9A69-4CDE-9FE7-95F8D103CEFE}.Debug|Itanium.Build.0 = Debug|Any CPU
		{3A446FC0-9A69-4CDE-9FE7-95F8D103CEFE}.Debug|x64.ActiveCfg = Debug|Any CPU
		{3A446FC0-9A69-4CDE-9FE7-95F8D103CEFE}.Debug|x64.Build.0 = Debug|Any CPU
		{3A446FC0-9A69-4CDE-9FE7-95F8D103CEFE}.Debug|x86.ActiveCfg = Debug|Any CPU
		{3A446FC0-9A69-4CDE-9FE7-95F8D103CEFE}.Debug|x86.Build.0 = Debug|Any CPU
		{3A446FC0-9A69-4CDE-9FE7-95F8D103CEFE}.Release|Any CPU.ActiveCfg = Release|Any CPU
		{3A446FC0-9A69-4CDE-9FE7-95F8D103CEFE}.Release|Any CPU.Build.0 = Release|Any CPU
		{3A446FC0-9A69-4CDE-9FE7-95F8D103CEFE}.Release|Itanium.ActiveCfg = Release|Any CPU
		{3A446FC0-9A69-4CDE-9FE7-95F8D103CEFE}.Release|Itanium.Build.0 = Release|Any CPU
		{3A446FC0-9A69-4CDE-9FE7-95F8D103CEFE}.Release|x64.ActiveCfg = Release|Any CPU
		{3A446FC0-9A69-4CDE-9FE7-95F8D103CEFE}.Release|x64.Build.0 = Release|Any CPU
		{3A446FC0-9A69-4CDE-9FE7-95F8D103CEFE}.Release|x86.ActiveCfg = Release|Any CPU
		{3A446FC0-9A69-4CDE-9FE7-95F8D103CEFE}.Release|x86.Build.0 = Release|Any CPU
		{CE6B8B83-2EB0-4638-A7E3-E315F3391681}.Debug|Any CPU.ActiveCfg = Debug|Any CPU
		{CE6B8B83-2EB0-4638-A7E3-E315F3391681}.Debug|Any CPU.Build.0 = Debug|Any CPU
		{CE6B8B83-2EB0-4638-A7E3-E315F3391681}.Debug|Itanium.ActiveCfg = Debug|Any CPU
		{CE6B8B83-2EB0-4638-A7E3-E315F3391681}.Debug|Itanium.Build.0 = Debug|Any CPU
		{CE6B8B83-2EB0-4638-A7E3-E315F3391681}.Debug|x64.ActiveCfg = Debug|Any CPU
		{CE6B8B83-2EB0-4638-A7E3-E315F3391681}.Debug|x64.Build.0 = Debug|Any CPU
		{CE6B8B83-2EB0-4638-A7E3-E315F3391681}.Debug|x86.ActiveCfg = Debug|Any CPU
		{CE6B8B83-2EB0-4638-A7E3-E315F3391681}.Debug|x86.Build.0 = Debug|Any CPU
		{CE6B8B83-2EB0-4638-A7E3-E315F3391681}.Release|Any CPU.ActiveCfg = Release|Any CPU
		{CE6B8B83-2EB0-4638-A7E3-E315F3391681}.Release|Any CPU.Build.0 = Release|Any CPU
		{CE6B8B83-2EB0-4638-A7E3-E315F3391681}.Release|Itanium.ActiveCfg = Release|Any CPU
		{CE6B8B83-2EB0-4638-A7E3-E315F3391681}.Release|Itanium.Build.0 = Release|Any CPU
		{CE6B8B83-2EB0-4638-A7E3-E315F3391681}.Release|x64.ActiveCfg = Release|Any CPU
		{CE6B8B83-2EB0-4638-A7E3-E315F3391681}.Release|x64.Build.0 = Release|Any CPU
		{CE6B8B83-2EB0-4638-A7E3-E315F3391681}.Release|x86.ActiveCfg = Release|Any CPU
		{CE6B8B83-2EB0-4638-A7E3-E315F3391681}.Release|x86.Build.0 = Release|Any CPU
		{4C3CD11C-649B-4499-AB8A-ACC53ACA9BB2}.Debug|Any CPU.ActiveCfg = Debug|Any CPU
		{4C3CD11C-649B-4499-AB8A-ACC53ACA9BB2}.Debug|Any CPU.Build.0 = Debug|Any CPU
		{4C3CD11C-649B-4499-AB8A-ACC53ACA9BB2}.Debug|Itanium.ActiveCfg = Debug|Any CPU
		{4C3CD11C-649B-4499-AB8A-ACC53ACA9BB2}.Debug|Itanium.Build.0 = Debug|Any CPU
		{4C3CD11C-649B-4499-AB8A-ACC53ACA9BB2}.Debug|x64.ActiveCfg = Debug|Any CPU
		{4C3CD11C-649B-4499-AB8A-ACC53ACA9BB2}.Debug|x64.Build.0 = Debug|Any CPU
		{4C3CD11C-649B-4499-AB8A-ACC53ACA9BB2}.Debug|x86.ActiveCfg = Debug|Any CPU
		{4C3CD11C-649B-4499-AB8A-ACC53ACA9BB2}.Debug|x86.Build.0 = Debug|Any CPU
		{4C3CD11C-649B-4499-AB8A-ACC53ACA9BB2}.Release|Any CPU.ActiveCfg = Release|Any CPU
		{4C3CD11C-649B-4499-AB8A-ACC53ACA9BB2}.Release|Any CPU.Build.0 = Release|Any CPU
		{4C3CD11C-649B-4499-AB8A-ACC53ACA9BB2}.Release|Itanium.ActiveCfg = Release|Any CPU
		{4C3CD11C-649B-4499-AB8A-ACC53ACA9BB2}.Release|Itanium.Build.0 = Release|Any CPU
		{4C3CD11C-649B-4499-AB8A-ACC53ACA9BB2}.Release|x64.ActiveCfg = Release|Any CPU
		{4C3CD11C-649B-4499-AB8A-ACC53ACA9BB2}.Release|x64.Build.0 = Release|Any CPU
		{4C3CD11C-649B-4499-AB8A-ACC53ACA9BB2}.Release|x86.ActiveCfg = Release|Any CPU
		{4C3CD11C-649B-4499-AB8A-ACC53ACA9BB2}.Release|x86.Build.0 = Release|Any CPU
		{DD2B7D6F-C074-4D23-A0EE-6E33F70AC581}.Debug|Any CPU.ActiveCfg = Debug|Any CPU
		{DD2B7D6F-C074-4D23-A0EE-6E33F70AC581}.Debug|Any CPU.Build.0 = Debug|Any CPU
		{DD2B7D6F-C074-4D23-A0EE-6E33F70AC581}.Debug|Itanium.ActiveCfg = Debug|Any CPU
		{DD2B7D6F-C074-4D23-A0EE-6E33F70AC581}.Debug|Itanium.Build.0 = Debug|Any CPU
		{DD2B7D6F-C074-4D23-A0EE-6E33F70AC581}.Debug|x64.ActiveCfg = Debug|Any CPU
		{DD2B7D6F-C074-4D23-A0EE-6E33F70AC581}.Debug|x64.Build.0 = Debug|Any CPU
		{DD2B7D6F-C074-4D23-A0EE-6E33F70AC581}.Debug|x86.ActiveCfg = Debug|Any CPU
		{DD2B7D6F-C074-4D23-A0EE-6E33F70AC581}.Debug|x86.Build.0 = Debug|Any CPU
		{DD2B7D6F-C074-4D23-A0EE-6E33F70AC581}.Release|Any CPU.ActiveCfg = Release|Any CPU
		{DD2B7D6F-C074-4D23-A0EE-6E33F70AC581}.Release|Any CPU.Build.0 = Release|Any CPU
		{DD2B7D6F-C074-4D23-A0EE-6E33F70AC581}.Release|Itanium.ActiveCfg = Release|Any CPU
		{DD2B7D6F-C074-4D23-A0EE-6E33F70AC581}.Release|Itanium.Build.0 = Release|Any CPU
		{DD2B7D6F-C074-4D23-A0EE-6E33F70AC581}.Release|x64.ActiveCfg = Release|Any CPU
		{DD2B7D6F-C074-4D23-A0EE-6E33F70AC581}.Release|x64.Build.0 = Release|Any CPU
		{DD2B7D6F-C074-4D23-A0EE-6E33F70AC581}.Release|x86.ActiveCfg = Release|Any CPU
		{DD2B7D6F-C074-4D23-A0EE-6E33F70AC581}.Release|x86.Build.0 = Release|Any CPU
		{7FEA8C5E-4C9E-49FC-9392-EE31DB9E0C74}.Debug|Any CPU.ActiveCfg = Debug|Any CPU
		{7FEA8C5E-4C9E-49FC-9392-EE31DB9E0C74}.Debug|Any CPU.Build.0 = Debug|Any CPU
		{7FEA8C5E-4C9E-49FC-9392-EE31DB9E0C74}.Debug|Itanium.ActiveCfg = Debug|Any CPU
		{7FEA8C5E-4C9E-49FC-9392-EE31DB9E0C74}.Debug|Itanium.Build.0 = Debug|Any CPU
		{7FEA8C5E-4C9E-49FC-9392-EE31DB9E0C74}.Debug|x64.ActiveCfg = Debug|Any CPU
		{7FEA8C5E-4C9E-49FC-9392-EE31DB9E0C74}.Debug|x64.Build.0 = Debug|Any CPU
		{7FEA8C5E-4C9E-49FC-9392-EE31DB9E0C74}.Debug|x86.ActiveCfg = Debug|Any CPU
		{7FEA8C5E-4C9E-49FC-9392-EE31DB9E0C74}.Debug|x86.Build.0 = Debug|Any CPU
		{7FEA8C5E-4C9E-49FC-9392-EE31DB9E0C74}.Release|Any CPU.ActiveCfg = Release|Any CPU
		{7FEA8C5E-4C9E-49FC-9392-EE31DB9E0C74}.Release|Any CPU.Build.0 = Release|Any CPU
		{7FEA8C5E-4C9E-49FC-9392-EE31DB9E0C74}.Release|Itanium.ActiveCfg = Release|Any CPU
		{7FEA8C5E-4C9E-49FC-9392-EE31DB9E0C74}.Release|Itanium.Build.0 = Release|Any CPU
		{7FEA8C5E-4C9E-49FC-9392-EE31DB9E0C74}.Release|x64.ActiveCfg = Release|Any CPU
		{7FEA8C5E-4C9E-49FC-9392-EE31DB9E0C74}.Release|x64.Build.0 = Release|Any CPU
		{7FEA8C5E-4C9E-49FC-9392-EE31DB9E0C74}.Release|x86.ActiveCfg = Release|Any CPU
		{7FEA8C5E-4C9E-49FC-9392-EE31DB9E0C74}.Release|x86.Build.0 = Release|Any CPU
		{033CA7EA-8B74-40B8-8D79-860F636A5E4D}.Debug|Any CPU.ActiveCfg = Debug|Any CPU
		{033CA7EA-8B74-40B8-8D79-860F636A5E4D}.Debug|Any CPU.Build.0 = Debug|Any CPU
		{033CA7EA-8B74-40B8-8D79-860F636A5E4D}.Debug|Itanium.ActiveCfg = Debug|Any CPU
		{033CA7EA-8B74-40B8-8D79-860F636A5E4D}.Debug|Itanium.Build.0 = Debug|Any CPU
		{033CA7EA-8B74-40B8-8D79-860F636A5E4D}.Debug|x64.ActiveCfg = Debug|Any CPU
		{033CA7EA-8B74-40B8-8D79-860F636A5E4D}.Debug|x64.Build.0 = Debug|Any CPU
		{033CA7EA-8B74-40B8-8D79-860F636A5E4D}.Debug|x86.ActiveCfg = Debug|Any CPU
		{033CA7EA-8B74-40B8-8D79-860F636A5E4D}.Debug|x86.Build.0 = Debug|Any CPU
		{033CA7EA-8B74-40B8-8D79-860F636A5E4D}.Release|Any CPU.ActiveCfg = Release|Any CPU
		{033CA7EA-8B74-40B8-8D79-860F636A5E4D}.Release|Any CPU.Build.0 = Release|Any CPU
		{033CA7EA-8B74-40B8-8D79-860F636A5E4D}.Release|Itanium.ActiveCfg = Release|Any CPU
		{033CA7EA-8B74-40B8-8D79-860F636A5E4D}.Release|Itanium.Build.0 = Release|Any CPU
		{033CA7EA-8B74-40B8-8D79-860F636A5E4D}.Release|x64.ActiveCfg = Release|Any CPU
		{033CA7EA-8B74-40B8-8D79-860F636A5E4D}.Release|x64.Build.0 = Release|Any CPU
		{033CA7EA-8B74-40B8-8D79-860F636A5E4D}.Release|x86.ActiveCfg = Release|Any CPU
		{033CA7EA-8B74-40B8-8D79-860F636A5E4D}.Release|x86.Build.0 = Release|Any CPU
		{D0CE9A07-593A-473B-8978-BE9210137E2F}.Debug|Any CPU.ActiveCfg = Debug|Any CPU
		{D0CE9A07-593A-473B-8978-BE9210137E2F}.Debug|Any CPU.Build.0 = Debug|Any CPU
		{D0CE9A07-593A-473B-8978-BE9210137E2F}.Debug|Itanium.ActiveCfg = Debug|Any CPU
		{D0CE9A07-593A-473B-8978-BE9210137E2F}.Debug|Itanium.Build.0 = Debug|Any CPU
		{D0CE9A07-593A-473B-8978-BE9210137E2F}.Debug|x64.ActiveCfg = Debug|Any CPU
		{D0CE9A07-593A-473B-8978-BE9210137E2F}.Debug|x64.Build.0 = Debug|Any CPU
		{D0CE9A07-593A-473B-8978-BE9210137E2F}.Debug|x86.ActiveCfg = Debug|Any CPU
		{D0CE9A07-593A-473B-8978-BE9210137E2F}.Debug|x86.Build.0 = Debug|Any CPU
		{D0CE9A07-593A-473B-8978-BE9210137E2F}.Release|Any CPU.ActiveCfg = Release|Any CPU
		{D0CE9A07-593A-473B-8978-BE9210137E2F}.Release|Any CPU.Build.0 = Release|Any CPU
		{D0CE9A07-593A-473B-8978-BE9210137E2F}.Release|Itanium.ActiveCfg = Release|Any CPU
		{D0CE9A07-593A-473B-8978-BE9210137E2F}.Release|Itanium.Build.0 = Release|Any CPU
		{D0CE9A07-593A-473B-8978-BE9210137E2F}.Release|x64.ActiveCfg = Release|Any CPU
		{D0CE9A07-593A-473B-8978-BE9210137E2F}.Release|x64.Build.0 = Release|Any CPU
		{D0CE9A07-593A-473B-8978-BE9210137E2F}.Release|x86.ActiveCfg = Release|Any CPU
		{D0CE9A07-593A-473B-8978-BE9210137E2F}.Release|x86.Build.0 = Release|Any CPU
		{7FA6B880-6C2B-4CA8-8A6E-93E81F5F412E}.Debug|Any CPU.ActiveCfg = Debug|Any CPU
		{7FA6B880-6C2B-4CA8-8A6E-93E81F5F412E}.Debug|Any CPU.Build.0 = Debug|Any CPU
		{7FA6B880-6C2B-4CA8-8A6E-93E81F5F412E}.Debug|Itanium.ActiveCfg = Debug|Any CPU
		{7FA6B880-6C2B-4CA8-8A6E-93E81F5F412E}.Debug|Itanium.Build.0 = Debug|Any CPU
		{7FA6B880-6C2B-4CA8-8A6E-93E81F5F412E}.Debug|x64.ActiveCfg = Debug|Any CPU
		{7FA6B880-6C2B-4CA8-8A6E-93E81F5F412E}.Debug|x64.Build.0 = Debug|Any CPU
		{7FA6B880-6C2B-4CA8-8A6E-93E81F5F412E}.Debug|x86.ActiveCfg = Debug|Any CPU
		{7FA6B880-6C2B-4CA8-8A6E-93E81F5F412E}.Debug|x86.Build.0 = Debug|Any CPU
		{7FA6B880-6C2B-4CA8-8A6E-93E81F5F412E}.Release|Any CPU.ActiveCfg = Release|Any CPU
		{7FA6B880-6C2B-4CA8-8A6E-93E81F5F412E}.Release|Any CPU.Build.0 = Release|Any CPU
		{7FA6B880-6C2B-4CA8-8A6E-93E81F5F412E}.Release|Itanium.ActiveCfg = Release|Any CPU
		{7FA6B880-6C2B-4CA8-8A6E-93E81F5F412E}.Release|Itanium.Build.0 = Release|Any CPU
		{7FA6B880-6C2B-4CA8-8A6E-93E81F5F412E}.Release|x64.ActiveCfg = Release|Any CPU
		{7FA6B880-6C2B-4CA8-8A6E-93E81F5F412E}.Release|x64.Build.0 = Release|Any CPU
		{7FA6B880-6C2B-4CA8-8A6E-93E81F5F412E}.Release|x86.ActiveCfg = Release|Any CPU
		{7FA6B880-6C2B-4CA8-8A6E-93E81F5F412E}.Release|x86.Build.0 = Release|Any CPU
		{D8C6D957-831A-4078-A048-EAB23323FE9F}.Debug|Any CPU.ActiveCfg = Debug|Any CPU
		{D8C6D957-831A-4078-A048-EAB23323FE9F}.Debug|Any CPU.Build.0 = Debug|Any CPU
		{D8C6D957-831A-4078-A048-EAB23323FE9F}.Debug|Itanium.ActiveCfg = Debug|Any CPU
		{D8C6D957-831A-4078-A048-EAB23323FE9F}.Debug|Itanium.Build.0 = Debug|Any CPU
		{D8C6D957-831A-4078-A048-EAB23323FE9F}.Debug|x64.ActiveCfg = Debug|Any CPU
		{D8C6D957-831A-4078-A048-EAB23323FE9F}.Debug|x64.Build.0 = Debug|Any CPU
		{D8C6D957-831A-4078-A048-EAB23323FE9F}.Debug|x86.ActiveCfg = Debug|Any CPU
		{D8C6D957-831A-4078-A048-EAB23323FE9F}.Debug|x86.Build.0 = Debug|Any CPU
		{D8C6D957-831A-4078-A048-EAB23323FE9F}.Release|Any CPU.ActiveCfg = Release|Any CPU
		{D8C6D957-831A-4078-A048-EAB23323FE9F}.Release|Any CPU.Build.0 = Release|Any CPU
		{D8C6D957-831A-4078-A048-EAB23323FE9F}.Release|Itanium.ActiveCfg = Release|Any CPU
		{D8C6D957-831A-4078-A048-EAB23323FE9F}.Release|Itanium.Build.0 = Release|Any CPU
		{D8C6D957-831A-4078-A048-EAB23323FE9F}.Release|x64.ActiveCfg = Release|Any CPU
		{D8C6D957-831A-4078-A048-EAB23323FE9F}.Release|x64.Build.0 = Release|Any CPU
		{D8C6D957-831A-4078-A048-EAB23323FE9F}.Release|x86.ActiveCfg = Release|Any CPU
		{D8C6D957-831A-4078-A048-EAB23323FE9F}.Release|x86.Build.0 = Release|Any CPU
		{348B5437-2BFB-4440-8C39-B95F33986BC4}.Debug|Any CPU.ActiveCfg = Debug|Any CPU
		{348B5437-2BFB-4440-8C39-B95F33986BC4}.Debug|Any CPU.Build.0 = Debug|Any CPU
		{348B5437-2BFB-4440-8C39-B95F33986BC4}.Debug|Itanium.ActiveCfg = Debug|Any CPU
		{348B5437-2BFB-4440-8C39-B95F33986BC4}.Debug|Itanium.Build.0 = Debug|Any CPU
		{348B5437-2BFB-4440-8C39-B95F33986BC4}.Debug|x64.ActiveCfg = Debug|Any CPU
		{348B5437-2BFB-4440-8C39-B95F33986BC4}.Debug|x64.Build.0 = Debug|Any CPU
		{348B5437-2BFB-4440-8C39-B95F33986BC4}.Debug|x86.ActiveCfg = Debug|Any CPU
		{348B5437-2BFB-4440-8C39-B95F33986BC4}.Debug|x86.Build.0 = Debug|Any CPU
		{348B5437-2BFB-4440-8C39-B95F33986BC4}.Release|Any CPU.ActiveCfg = Release|Any CPU
		{348B5437-2BFB-4440-8C39-B95F33986BC4}.Release|Any CPU.Build.0 = Release|Any CPU
		{348B5437-2BFB-4440-8C39-B95F33986BC4}.Release|Itanium.ActiveCfg = Release|Any CPU
		{348B5437-2BFB-4440-8C39-B95F33986BC4}.Release|Itanium.Build.0 = Release|Any CPU
		{348B5437-2BFB-4440-8C39-B95F33986BC4}.Release|x64.ActiveCfg = Release|Any CPU
		{348B5437-2BFB-4440-8C39-B95F33986BC4}.Release|x64.Build.0 = Release|Any CPU
		{348B5437-2BFB-4440-8C39-B95F33986BC4}.Release|x86.ActiveCfg = Release|Any CPU
		{348B5437-2BFB-4440-8C39-B95F33986BC4}.Release|x86.Build.0 = Release|Any CPU
		{ED79696F-ABB5-4EE0-BD2E-BB90815C66BE}.Debug|Any CPU.ActiveCfg = Debug|Any CPU
		{ED79696F-ABB5-4EE0-BD2E-BB90815C66BE}.Debug|Any CPU.Build.0 = Debug|Any CPU
		{ED79696F-ABB5-4EE0-BD2E-BB90815C66BE}.Debug|Itanium.ActiveCfg = Debug|Any CPU
		{ED79696F-ABB5-4EE0-BD2E-BB90815C66BE}.Debug|Itanium.Build.0 = Debug|Any CPU
		{ED79696F-ABB5-4EE0-BD2E-BB90815C66BE}.Debug|x64.ActiveCfg = Debug|Any CPU
		{ED79696F-ABB5-4EE0-BD2E-BB90815C66BE}.Debug|x64.Build.0 = Debug|Any CPU
		{ED79696F-ABB5-4EE0-BD2E-BB90815C66BE}.Debug|x86.ActiveCfg = Debug|Any CPU
		{ED79696F-ABB5-4EE0-BD2E-BB90815C66BE}.Debug|x86.Build.0 = Debug|Any CPU
		{ED79696F-ABB5-4EE0-BD2E-BB90815C66BE}.Release|Any CPU.ActiveCfg = Release|Any CPU
		{ED79696F-ABB5-4EE0-BD2E-BB90815C66BE}.Release|Any CPU.Build.0 = Release|Any CPU
		{ED79696F-ABB5-4EE0-BD2E-BB90815C66BE}.Release|Itanium.ActiveCfg = Release|Any CPU
		{ED79696F-ABB5-4EE0-BD2E-BB90815C66BE}.Release|Itanium.Build.0 = Release|Any CPU
		{ED79696F-ABB5-4EE0-BD2E-BB90815C66BE}.Release|x64.ActiveCfg = Release|Any CPU
		{ED79696F-ABB5-4EE0-BD2E-BB90815C66BE}.Release|x64.Build.0 = Release|Any CPU
		{ED79696F-ABB5-4EE0-BD2E-BB90815C66BE}.Release|x86.ActiveCfg = Release|Any CPU
		{ED79696F-ABB5-4EE0-BD2E-BB90815C66BE}.Release|x86.Build.0 = Release|Any CPU
		{A4D9186A-7D4E-4883-A477-2817A210C842}.Debug|Any CPU.ActiveCfg = Debug|Any CPU
		{A4D9186A-7D4E-4883-A477-2817A210C842}.Debug|Any CPU.Build.0 = Debug|Any CPU
		{A4D9186A-7D4E-4883-A477-2817A210C842}.Debug|Itanium.ActiveCfg = Debug|Any CPU
		{A4D9186A-7D4E-4883-A477-2817A210C842}.Debug|Itanium.Build.0 = Debug|Any CPU
		{A4D9186A-7D4E-4883-A477-2817A210C842}.Debug|x64.ActiveCfg = Debug|Any CPU
		{A4D9186A-7D4E-4883-A477-2817A210C842}.Debug|x64.Build.0 = Debug|Any CPU
		{A4D9186A-7D4E-4883-A477-2817A210C842}.Debug|x86.ActiveCfg = Debug|Any CPU
		{A4D9186A-7D4E-4883-A477-2817A210C842}.Debug|x86.Build.0 = Debug|Any CPU
		{A4D9186A-7D4E-4883-A477-2817A210C842}.Release|Any CPU.ActiveCfg = Release|Any CPU
		{A4D9186A-7D4E-4883-A477-2817A210C842}.Release|Any CPU.Build.0 = Release|Any CPU
		{A4D9186A-7D4E-4883-A477-2817A210C842}.Release|Itanium.ActiveCfg = Release|Any CPU
		{A4D9186A-7D4E-4883-A477-2817A210C842}.Release|Itanium.Build.0 = Release|Any CPU
		{A4D9186A-7D4E-4883-A477-2817A210C842}.Release|x64.ActiveCfg = Release|Any CPU
		{A4D9186A-7D4E-4883-A477-2817A210C842}.Release|x64.Build.0 = Release|Any CPU
		{A4D9186A-7D4E-4883-A477-2817A210C842}.Release|x86.ActiveCfg = Release|Any CPU
		{A4D9186A-7D4E-4883-A477-2817A210C842}.Release|x86.Build.0 = Release|Any CPU
		{BE9C3C23-2F3A-4313-A70D-B42EE636DC80}.Debug|Any CPU.ActiveCfg = Debug|Any CPU
		{BE9C3C23-2F3A-4313-A70D-B42EE636DC80}.Debug|Any CPU.Build.0 = Debug|Any CPU
		{BE9C3C23-2F3A-4313-A70D-B42EE636DC80}.Debug|Itanium.ActiveCfg = Debug|Any CPU
		{BE9C3C23-2F3A-4313-A70D-B42EE636DC80}.Debug|Itanium.Build.0 = Debug|Any CPU
		{BE9C3C23-2F3A-4313-A70D-B42EE636DC80}.Debug|x64.ActiveCfg = Debug|Any CPU
		{BE9C3C23-2F3A-4313-A70D-B42EE636DC80}.Debug|x64.Build.0 = Debug|Any CPU
		{BE9C3C23-2F3A-4313-A70D-B42EE636DC80}.Debug|x86.ActiveCfg = Debug|Any CPU
		{BE9C3C23-2F3A-4313-A70D-B42EE636DC80}.Debug|x86.Build.0 = Debug|Any CPU
		{BE9C3C23-2F3A-4313-A70D-B42EE636DC80}.Release|Any CPU.ActiveCfg = Release|Any CPU
		{BE9C3C23-2F3A-4313-A70D-B42EE636DC80}.Release|Any CPU.Build.0 = Release|Any CPU
		{BE9C3C23-2F3A-4313-A70D-B42EE636DC80}.Release|Itanium.ActiveCfg = Release|Any CPU
		{BE9C3C23-2F3A-4313-A70D-B42EE636DC80}.Release|Itanium.Build.0 = Release|Any CPU
		{BE9C3C23-2F3A-4313-A70D-B42EE636DC80}.Release|x64.ActiveCfg = Release|Any CPU
		{BE9C3C23-2F3A-4313-A70D-B42EE636DC80}.Release|x64.Build.0 = Release|Any CPU
		{BE9C3C23-2F3A-4313-A70D-B42EE636DC80}.Release|x86.ActiveCfg = Release|Any CPU
		{BE9C3C23-2F3A-4313-A70D-B42EE636DC80}.Release|x86.Build.0 = Release|Any CPU
		{9DA64E08-954E-4619-B645-313A9C5C8946}.Debug|Any CPU.ActiveCfg = Debug|Any CPU
		{9DA64E08-954E-4619-B645-313A9C5C8946}.Debug|Any CPU.Build.0 = Debug|Any CPU
		{9DA64E08-954E-4619-B645-313A9C5C8946}.Debug|Itanium.ActiveCfg = Debug|Any CPU
		{9DA64E08-954E-4619-B645-313A9C5C8946}.Debug|Itanium.Build.0 = Debug|Any CPU
		{9DA64E08-954E-4619-B645-313A9C5C8946}.Debug|x64.ActiveCfg = Debug|Any CPU
		{9DA64E08-954E-4619-B645-313A9C5C8946}.Debug|x64.Build.0 = Debug|Any CPU
		{9DA64E08-954E-4619-B645-313A9C5C8946}.Debug|x86.ActiveCfg = Debug|Any CPU
		{9DA64E08-954E-4619-B645-313A9C5C8946}.Debug|x86.Build.0 = Debug|Any CPU
		{9DA64E08-954E-4619-B645-313A9C5C8946}.Release|Any CPU.ActiveCfg = Release|Any CPU
		{9DA64E08-954E-4619-B645-313A9C5C8946}.Release|Any CPU.Build.0 = Release|Any CPU
		{9DA64E08-954E-4619-B645-313A9C5C8946}.Release|Itanium.ActiveCfg = Release|Any CPU
		{9DA64E08-954E-4619-B645-313A9C5C8946}.Release|Itanium.Build.0 = Release|Any CPU
		{9DA64E08-954E-4619-B645-313A9C5C8946}.Release|x64.ActiveCfg = Release|Any CPU
		{9DA64E08-954E-4619-B645-313A9C5C8946}.Release|x64.Build.0 = Release|Any CPU
		{9DA64E08-954E-4619-B645-313A9C5C8946}.Release|x86.ActiveCfg = Release|Any CPU
		{9DA64E08-954E-4619-B645-313A9C5C8946}.Release|x86.Build.0 = Release|Any CPU
		{803F109C-4BF4-4716-9664-644E1C496F23}.Debug|Any CPU.ActiveCfg = Debug|Any CPU
		{803F109C-4BF4-4716-9664-644E1C496F23}.Debug|Any CPU.Build.0 = Debug|Any CPU
		{803F109C-4BF4-4716-9664-644E1C496F23}.Debug|Itanium.ActiveCfg = Debug|Any CPU
		{803F109C-4BF4-4716-9664-644E1C496F23}.Debug|Itanium.Build.0 = Debug|Any CPU
		{803F109C-4BF4-4716-9664-644E1C496F23}.Debug|x64.ActiveCfg = Debug|Any CPU
		{803F109C-4BF4-4716-9664-644E1C496F23}.Debug|x64.Build.0 = Debug|Any CPU
		{803F109C-4BF4-4716-9664-644E1C496F23}.Debug|x86.ActiveCfg = Debug|Any CPU
		{803F109C-4BF4-4716-9664-644E1C496F23}.Debug|x86.Build.0 = Debug|Any CPU
		{803F109C-4BF4-4716-9664-644E1C496F23}.Release|Any CPU.ActiveCfg = Release|Any CPU
		{803F109C-4BF4-4716-9664-644E1C496F23}.Release|Any CPU.Build.0 = Release|Any CPU
		{803F109C-4BF4-4716-9664-644E1C496F23}.Release|Itanium.ActiveCfg = Release|Any CPU
		{803F109C-4BF4-4716-9664-644E1C496F23}.Release|Itanium.Build.0 = Release|Any CPU
		{803F109C-4BF4-4716-9664-644E1C496F23}.Release|x64.ActiveCfg = Release|Any CPU
		{803F109C-4BF4-4716-9664-644E1C496F23}.Release|x64.Build.0 = Release|Any CPU
		{803F109C-4BF4-4716-9664-644E1C496F23}.Release|x86.ActiveCfg = Release|Any CPU
		{803F109C-4BF4-4716-9664-644E1C496F23}.Release|x86.Build.0 = Release|Any CPU
		{C785F379-91D2-4BB2-8A43-4BFC11CE8380}.Debug|Any CPU.ActiveCfg = Debug|Any CPU
		{C785F379-91D2-4BB2-8A43-4BFC11CE8380}.Debug|Any CPU.Build.0 = Debug|Any CPU
		{C785F379-91D2-4BB2-8A43-4BFC11CE8380}.Debug|Itanium.ActiveCfg = Debug|Any CPU
		{C785F379-91D2-4BB2-8A43-4BFC11CE8380}.Debug|Itanium.Build.0 = Debug|Any CPU
		{C785F379-91D2-4BB2-8A43-4BFC11CE8380}.Debug|x64.ActiveCfg = Debug|Any CPU
		{C785F379-91D2-4BB2-8A43-4BFC11CE8380}.Debug|x64.Build.0 = Debug|Any CPU
		{C785F379-91D2-4BB2-8A43-4BFC11CE8380}.Debug|x86.ActiveCfg = Debug|Any CPU
		{C785F379-91D2-4BB2-8A43-4BFC11CE8380}.Debug|x86.Build.0 = Debug|Any CPU
		{C785F379-91D2-4BB2-8A43-4BFC11CE8380}.Release|Any CPU.ActiveCfg = Release|Any CPU
		{C785F379-91D2-4BB2-8A43-4BFC11CE8380}.Release|Any CPU.Build.0 = Release|Any CPU
		{C785F379-91D2-4BB2-8A43-4BFC11CE8380}.Release|Itanium.ActiveCfg = Release|Any CPU
		{C785F379-91D2-4BB2-8A43-4BFC11CE8380}.Release|Itanium.Build.0 = Release|Any CPU
		{C785F379-91D2-4BB2-8A43-4BFC11CE8380}.Release|x64.ActiveCfg = Release|Any CPU
		{C785F379-91D2-4BB2-8A43-4BFC11CE8380}.Release|x64.Build.0 = Release|Any CPU
		{C785F379-91D2-4BB2-8A43-4BFC11CE8380}.Release|x86.ActiveCfg = Release|Any CPU
		{C785F379-91D2-4BB2-8A43-4BFC11CE8380}.Release|x86.Build.0 = Release|Any CPU
		{4FE72E7D-E5C7-41BC-A8A6-CF8CE58CD45A}.Debug|Any CPU.ActiveCfg = Debug|Any CPU
		{4FE72E7D-E5C7-41BC-A8A6-CF8CE58CD45A}.Debug|Any CPU.Build.0 = Debug|Any CPU
		{4FE72E7D-E5C7-41BC-A8A6-CF8CE58CD45A}.Debug|Itanium.ActiveCfg = Debug|Any CPU
		{4FE72E7D-E5C7-41BC-A8A6-CF8CE58CD45A}.Debug|Itanium.Build.0 = Debug|Any CPU
		{4FE72E7D-E5C7-41BC-A8A6-CF8CE58CD45A}.Debug|x64.ActiveCfg = Debug|Any CPU
		{4FE72E7D-E5C7-41BC-A8A6-CF8CE58CD45A}.Debug|x64.Build.0 = Debug|Any CPU
		{4FE72E7D-E5C7-41BC-A8A6-CF8CE58CD45A}.Debug|x86.ActiveCfg = Debug|Any CPU
		{4FE72E7D-E5C7-41BC-A8A6-CF8CE58CD45A}.Debug|x86.Build.0 = Debug|Any CPU
		{4FE72E7D-E5C7-41BC-A8A6-CF8CE58CD45A}.Release|Any CPU.ActiveCfg = Release|Any CPU
		{4FE72E7D-E5C7-41BC-A8A6-CF8CE58CD45A}.Release|Any CPU.Build.0 = Release|Any CPU
		{4FE72E7D-E5C7-41BC-A8A6-CF8CE58CD45A}.Release|Itanium.ActiveCfg = Release|Any CPU
		{4FE72E7D-E5C7-41BC-A8A6-CF8CE58CD45A}.Release|Itanium.Build.0 = Release|Any CPU
		{4FE72E7D-E5C7-41BC-A8A6-CF8CE58CD45A}.Release|x64.ActiveCfg = Release|Any CPU
		{4FE72E7D-E5C7-41BC-A8A6-CF8CE58CD45A}.Release|x64.Build.0 = Release|Any CPU
		{4FE72E7D-E5C7-41BC-A8A6-CF8CE58CD45A}.Release|x86.ActiveCfg = Release|Any CPU
		{4FE72E7D-E5C7-41BC-A8A6-CF8CE58CD45A}.Release|x86.Build.0 = Release|Any CPU
		{C46403B5-E425-43A6-9093-D6EB7617A37A}.Debug|Any CPU.ActiveCfg = Debug|Any CPU
		{C46403B5-E425-43A6-9093-D6EB7617A37A}.Debug|Any CPU.Build.0 = Debug|Any CPU
		{C46403B5-E425-43A6-9093-D6EB7617A37A}.Debug|Itanium.ActiveCfg = Debug|Any CPU
		{C46403B5-E425-43A6-9093-D6EB7617A37A}.Debug|Itanium.Build.0 = Debug|Any CPU
		{C46403B5-E425-43A6-9093-D6EB7617A37A}.Debug|x64.ActiveCfg = Debug|Any CPU
		{C46403B5-E425-43A6-9093-D6EB7617A37A}.Debug|x64.Build.0 = Debug|Any CPU
		{C46403B5-E425-43A6-9093-D6EB7617A37A}.Debug|x86.ActiveCfg = Debug|Any CPU
		{C46403B5-E425-43A6-9093-D6EB7617A37A}.Debug|x86.Build.0 = Debug|Any CPU
		{C46403B5-E425-43A6-9093-D6EB7617A37A}.Release|Any CPU.ActiveCfg = Release|Any CPU
		{C46403B5-E425-43A6-9093-D6EB7617A37A}.Release|Any CPU.Build.0 = Release|Any CPU
		{C46403B5-E425-43A6-9093-D6EB7617A37A}.Release|Itanium.ActiveCfg = Release|Any CPU
		{C46403B5-E425-43A6-9093-D6EB7617A37A}.Release|Itanium.Build.0 = Release|Any CPU
		{C46403B5-E425-43A6-9093-D6EB7617A37A}.Release|x64.ActiveCfg = Release|Any CPU
		{C46403B5-E425-43A6-9093-D6EB7617A37A}.Release|x64.Build.0 = Release|Any CPU
		{C46403B5-E425-43A6-9093-D6EB7617A37A}.Release|x86.ActiveCfg = Release|Any CPU
		{C46403B5-E425-43A6-9093-D6EB7617A37A}.Release|x86.Build.0 = Release|Any CPU
		{4993DC56-406C-47B3-9E9E-3556D4ADCF23}.Debug|Any CPU.ActiveCfg = Debug|Any CPU
		{4993DC56-406C-47B3-9E9E-3556D4ADCF23}.Debug|Any CPU.Build.0 = Debug|Any CPU
		{4993DC56-406C-47B3-9E9E-3556D4ADCF23}.Debug|Itanium.ActiveCfg = Debug|Any CPU
		{4993DC56-406C-47B3-9E9E-3556D4ADCF23}.Debug|Itanium.Build.0 = Debug|Any CPU
		{4993DC56-406C-47B3-9E9E-3556D4ADCF23}.Debug|x64.ActiveCfg = Debug|Any CPU
		{4993DC56-406C-47B3-9E9E-3556D4ADCF23}.Debug|x64.Build.0 = Debug|Any CPU
		{4993DC56-406C-47B3-9E9E-3556D4ADCF23}.Debug|x86.ActiveCfg = Debug|Any CPU
		{4993DC56-406C-47B3-9E9E-3556D4ADCF23}.Debug|x86.Build.0 = Debug|Any CPU
		{4993DC56-406C-47B3-9E9E-3556D4ADCF23}.Release|Any CPU.ActiveCfg = Release|Any CPU
		{4993DC56-406C-47B3-9E9E-3556D4ADCF23}.Release|Any CPU.Build.0 = Release|Any CPU
		{4993DC56-406C-47B3-9E9E-3556D4ADCF23}.Release|Itanium.ActiveCfg = Release|Any CPU
		{4993DC56-406C-47B3-9E9E-3556D4ADCF23}.Release|Itanium.Build.0 = Release|Any CPU
		{4993DC56-406C-47B3-9E9E-3556D4ADCF23}.Release|x64.ActiveCfg = Release|Any CPU
		{4993DC56-406C-47B3-9E9E-3556D4ADCF23}.Release|x64.Build.0 = Release|Any CPU
		{4993DC56-406C-47B3-9E9E-3556D4ADCF23}.Release|x86.ActiveCfg = Release|Any CPU
		{4993DC56-406C-47B3-9E9E-3556D4ADCF23}.Release|x86.Build.0 = Release|Any CPU
		{219F580B-6D64-448C-BEE7-1BBA46E12D37}.Debug|Any CPU.ActiveCfg = Debug|Any CPU
		{219F580B-6D64-448C-BEE7-1BBA46E12D37}.Debug|Any CPU.Build.0 = Debug|Any CPU
		{219F580B-6D64-448C-BEE7-1BBA46E12D37}.Debug|Itanium.ActiveCfg = Debug|Any CPU
		{219F580B-6D64-448C-BEE7-1BBA46E12D37}.Debug|Itanium.Build.0 = Debug|Any CPU
		{219F580B-6D64-448C-BEE7-1BBA46E12D37}.Debug|x64.ActiveCfg = Debug|Any CPU
		{219F580B-6D64-448C-BEE7-1BBA46E12D37}.Debug|x64.Build.0 = Debug|Any CPU
		{219F580B-6D64-448C-BEE7-1BBA46E12D37}.Debug|x86.ActiveCfg = Debug|Any CPU
		{219F580B-6D64-448C-BEE7-1BBA46E12D37}.Debug|x86.Build.0 = Debug|Any CPU
		{219F580B-6D64-448C-BEE7-1BBA46E12D37}.Release|Any CPU.ActiveCfg = Release|Any CPU
		{219F580B-6D64-448C-BEE7-1BBA46E12D37}.Release|Any CPU.Build.0 = Release|Any CPU
		{219F580B-6D64-448C-BEE7-1BBA46E12D37}.Release|Itanium.ActiveCfg = Release|Any CPU
		{219F580B-6D64-448C-BEE7-1BBA46E12D37}.Release|Itanium.Build.0 = Release|Any CPU
		{219F580B-6D64-448C-BEE7-1BBA46E12D37}.Release|x64.ActiveCfg = Release|Any CPU
		{219F580B-6D64-448C-BEE7-1BBA46E12D37}.Release|x64.Build.0 = Release|Any CPU
		{219F580B-6D64-448C-BEE7-1BBA46E12D37}.Release|x86.ActiveCfg = Release|Any CPU
		{219F580B-6D64-448C-BEE7-1BBA46E12D37}.Release|x86.Build.0 = Release|Any CPU
		{DE8AC1B9-C055-4965-8961-93E6309551C1}.Debug|Any CPU.ActiveCfg = Debug|Any CPU
		{DE8AC1B9-C055-4965-8961-93E6309551C1}.Debug|Any CPU.Build.0 = Debug|Any CPU
		{DE8AC1B9-C055-4965-8961-93E6309551C1}.Debug|Itanium.ActiveCfg = Debug|Any CPU
		{DE8AC1B9-C055-4965-8961-93E6309551C1}.Debug|Itanium.Build.0 = Debug|Any CPU
		{DE8AC1B9-C055-4965-8961-93E6309551C1}.Debug|x64.ActiveCfg = Debug|Any CPU
		{DE8AC1B9-C055-4965-8961-93E6309551C1}.Debug|x64.Build.0 = Debug|Any CPU
		{DE8AC1B9-C055-4965-8961-93E6309551C1}.Debug|x86.ActiveCfg = Debug|Any CPU
		{DE8AC1B9-C055-4965-8961-93E6309551C1}.Debug|x86.Build.0 = Debug|Any CPU
		{DE8AC1B9-C055-4965-8961-93E6309551C1}.Release|Any CPU.ActiveCfg = Release|Any CPU
		{DE8AC1B9-C055-4965-8961-93E6309551C1}.Release|Any CPU.Build.0 = Release|Any CPU
		{DE8AC1B9-C055-4965-8961-93E6309551C1}.Release|Itanium.ActiveCfg = Release|Any CPU
		{DE8AC1B9-C055-4965-8961-93E6309551C1}.Release|Itanium.Build.0 = Release|Any CPU
		{DE8AC1B9-C055-4965-8961-93E6309551C1}.Release|x64.ActiveCfg = Release|Any CPU
		{DE8AC1B9-C055-4965-8961-93E6309551C1}.Release|x64.Build.0 = Release|Any CPU
		{DE8AC1B9-C055-4965-8961-93E6309551C1}.Release|x86.ActiveCfg = Release|Any CPU
		{DE8AC1B9-C055-4965-8961-93E6309551C1}.Release|x86.Build.0 = Release|Any CPU
		{7A7F829C-81A0-4C2C-B1FD-04D851ED61DF}.Debug|Any CPU.ActiveCfg = Debug|Any CPU
		{7A7F829C-81A0-4C2C-B1FD-04D851ED61DF}.Debug|Any CPU.Build.0 = Debug|Any CPU
		{7A7F829C-81A0-4C2C-B1FD-04D851ED61DF}.Debug|Itanium.ActiveCfg = Debug|Any CPU
		{7A7F829C-81A0-4C2C-B1FD-04D851ED61DF}.Debug|Itanium.Build.0 = Debug|Any CPU
		{7A7F829C-81A0-4C2C-B1FD-04D851ED61DF}.Debug|x64.ActiveCfg = Debug|Any CPU
		{7A7F829C-81A0-4C2C-B1FD-04D851ED61DF}.Debug|x64.Build.0 = Debug|Any CPU
		{7A7F829C-81A0-4C2C-B1FD-04D851ED61DF}.Debug|x86.ActiveCfg = Debug|Any CPU
		{7A7F829C-81A0-4C2C-B1FD-04D851ED61DF}.Debug|x86.Build.0 = Debug|Any CPU
		{7A7F829C-81A0-4C2C-B1FD-04D851ED61DF}.Release|Any CPU.ActiveCfg = Release|Any CPU
		{7A7F829C-81A0-4C2C-B1FD-04D851ED61DF}.Release|Any CPU.Build.0 = Release|Any CPU
		{7A7F829C-81A0-4C2C-B1FD-04D851ED61DF}.Release|Itanium.ActiveCfg = Release|Any CPU
		{7A7F829C-81A0-4C2C-B1FD-04D851ED61DF}.Release|Itanium.Build.0 = Release|Any CPU
		{7A7F829C-81A0-4C2C-B1FD-04D851ED61DF}.Release|x64.ActiveCfg = Release|Any CPU
		{7A7F829C-81A0-4C2C-B1FD-04D851ED61DF}.Release|x64.Build.0 = Release|Any CPU
		{7A7F829C-81A0-4C2C-B1FD-04D851ED61DF}.Release|x86.ActiveCfg = Release|Any CPU
		{7A7F829C-81A0-4C2C-B1FD-04D851ED61DF}.Release|x86.Build.0 = Release|Any CPU
		{CA1345EE-0436-46A4-B75F-9CA1D04E6711}.Debug|Any CPU.ActiveCfg = Debug|Any CPU
		{CA1345EE-0436-46A4-B75F-9CA1D04E6711}.Debug|Any CPU.Build.0 = Debug|Any CPU
		{CA1345EE-0436-46A4-B75F-9CA1D04E6711}.Debug|Itanium.ActiveCfg = Debug|Any CPU
		{CA1345EE-0436-46A4-B75F-9CA1D04E6711}.Debug|Itanium.Build.0 = Debug|Any CPU
		{CA1345EE-0436-46A4-B75F-9CA1D04E6711}.Debug|x64.ActiveCfg = Debug|Any CPU
		{CA1345EE-0436-46A4-B75F-9CA1D04E6711}.Debug|x64.Build.0 = Debug|Any CPU
		{CA1345EE-0436-46A4-B75F-9CA1D04E6711}.Debug|x86.ActiveCfg = Debug|Any CPU
		{CA1345EE-0436-46A4-B75F-9CA1D04E6711}.Debug|x86.Build.0 = Debug|Any CPU
		{CA1345EE-0436-46A4-B75F-9CA1D04E6711}.Release|Any CPU.ActiveCfg = Release|Any CPU
		{CA1345EE-0436-46A4-B75F-9CA1D04E6711}.Release|Any CPU.Build.0 = Release|Any CPU
		{CA1345EE-0436-46A4-B75F-9CA1D04E6711}.Release|Itanium.ActiveCfg = Release|Any CPU
		{CA1345EE-0436-46A4-B75F-9CA1D04E6711}.Release|Itanium.Build.0 = Release|Any CPU
		{CA1345EE-0436-46A4-B75F-9CA1D04E6711}.Release|x64.ActiveCfg = Release|Any CPU
		{CA1345EE-0436-46A4-B75F-9CA1D04E6711}.Release|x64.Build.0 = Release|Any CPU
		{CA1345EE-0436-46A4-B75F-9CA1D04E6711}.Release|x86.ActiveCfg = Release|Any CPU
		{CA1345EE-0436-46A4-B75F-9CA1D04E6711}.Release|x86.Build.0 = Release|Any CPU
		{1FD00E09-A2AB-4D05-BD16-9486BFE3FA61}.Debug|Any CPU.ActiveCfg = Debug|Any CPU
		{1FD00E09-A2AB-4D05-BD16-9486BFE3FA61}.Debug|Any CPU.Build.0 = Debug|Any CPU
		{1FD00E09-A2AB-4D05-BD16-9486BFE3FA61}.Debug|Itanium.ActiveCfg = Debug|Any CPU
		{1FD00E09-A2AB-4D05-BD16-9486BFE3FA61}.Debug|Itanium.Build.0 = Debug|Any CPU
		{1FD00E09-A2AB-4D05-BD16-9486BFE3FA61}.Debug|x64.ActiveCfg = Debug|Any CPU
		{1FD00E09-A2AB-4D05-BD16-9486BFE3FA61}.Debug|x64.Build.0 = Debug|Any CPU
		{1FD00E09-A2AB-4D05-BD16-9486BFE3FA61}.Debug|x86.ActiveCfg = Debug|Any CPU
		{1FD00E09-A2AB-4D05-BD16-9486BFE3FA61}.Debug|x86.Build.0 = Debug|Any CPU
		{1FD00E09-A2AB-4D05-BD16-9486BFE3FA61}.Release|Any CPU.ActiveCfg = Release|Any CPU
		{1FD00E09-A2AB-4D05-BD16-9486BFE3FA61}.Release|Any CPU.Build.0 = Release|Any CPU
		{1FD00E09-A2AB-4D05-BD16-9486BFE3FA61}.Release|Itanium.ActiveCfg = Release|Any CPU
		{1FD00E09-A2AB-4D05-BD16-9486BFE3FA61}.Release|Itanium.Build.0 = Release|Any CPU
		{1FD00E09-A2AB-4D05-BD16-9486BFE3FA61}.Release|x64.ActiveCfg = Release|Any CPU
		{1FD00E09-A2AB-4D05-BD16-9486BFE3FA61}.Release|x64.Build.0 = Release|Any CPU
		{1FD00E09-A2AB-4D05-BD16-9486BFE3FA61}.Release|x86.ActiveCfg = Release|Any CPU
		{1FD00E09-A2AB-4D05-BD16-9486BFE3FA61}.Release|x86.Build.0 = Release|Any CPU
		{117C3BD3-E70E-4E0D-A502-3118A9C5817F}.Debug|Any CPU.ActiveCfg = Debug|Any CPU
		{117C3BD3-E70E-4E0D-A502-3118A9C5817F}.Debug|Any CPU.Build.0 = Debug|Any CPU
		{117C3BD3-E70E-4E0D-A502-3118A9C5817F}.Debug|Itanium.ActiveCfg = Debug|Any CPU
		{117C3BD3-E70E-4E0D-A502-3118A9C5817F}.Debug|Itanium.Build.0 = Debug|Any CPU
		{117C3BD3-E70E-4E0D-A502-3118A9C5817F}.Debug|x64.ActiveCfg = Debug|Any CPU
		{117C3BD3-E70E-4E0D-A502-3118A9C5817F}.Debug|x64.Build.0 = Debug|Any CPU
		{117C3BD3-E70E-4E0D-A502-3118A9C5817F}.Debug|x86.ActiveCfg = Debug|Any CPU
		{117C3BD3-E70E-4E0D-A502-3118A9C5817F}.Debug|x86.Build.0 = Debug|Any CPU
		{117C3BD3-E70E-4E0D-A502-3118A9C5817F}.Release|Any CPU.ActiveCfg = Release|Any CPU
		{117C3BD3-E70E-4E0D-A502-3118A9C5817F}.Release|Any CPU.Build.0 = Release|Any CPU
		{117C3BD3-E70E-4E0D-A502-3118A9C5817F}.Release|Itanium.ActiveCfg = Release|Any CPU
		{117C3BD3-E70E-4E0D-A502-3118A9C5817F}.Release|Itanium.Build.0 = Release|Any CPU
		{117C3BD3-E70E-4E0D-A502-3118A9C5817F}.Release|x64.ActiveCfg = Release|Any CPU
		{117C3BD3-E70E-4E0D-A502-3118A9C5817F}.Release|x64.Build.0 = Release|Any CPU
		{117C3BD3-E70E-4E0D-A502-3118A9C5817F}.Release|x86.ActiveCfg = Release|Any CPU
		{117C3BD3-E70E-4E0D-A502-3118A9C5817F}.Release|x86.Build.0 = Release|Any CPU
	EndGlobalSection
	GlobalSection(SolutionProperties) = preSolution
		HideSolutionNode = FALSE
	EndGlobalSection
	GlobalSection(NestedProjects) = preSolution
		{D34FCD67-42E3-4D3A-89B7-65BC8416A550} = {12BACC34-D4FB-4031-A835-44BB5DBE4D0B}
		{43B3FA75-7EA6-4851-9457-E9903A88CB03} = {E260CFF7-43F1-4C8C-929C-4CA367F25679}
		{6EB4FDAB-7F09-4750-B30D-C62126D05F4A} = {E260CFF7-43F1-4C8C-929C-4CA367F25679}
		{372AC8FD-6AF0-4A85-9914-048F5A9F5C31} = {E260CFF7-43F1-4C8C-929C-4CA367F25679}
		{E8139B3F-B6B9-429A-BCAD-8CA3E3571CDC} = {E260CFF7-43F1-4C8C-929C-4CA367F25679}
		{B003F25E-01E0-4A23-85C5-554A2CFE01F5} = {E260CFF7-43F1-4C8C-929C-4CA367F25679}
		{555CF885-9D8B-4ED0-83B7-4E4D0D6306E8} = {E260CFF7-43F1-4C8C-929C-4CA367F25679}
		{620AE53A-2272-4DCD-A292-D547A9D0ADB1} = {E260CFF7-43F1-4C8C-929C-4CA367F25679}
		{99BB47FD-CDCD-4A8F-8C68-289D746B5F27} = {E260CFF7-43F1-4C8C-929C-4CA367F25679}
		{044F6A3F-FC5A-4737-BA6B-710B080F1410} = {E260CFF7-43F1-4C8C-929C-4CA367F25679}
		{C9D4BB0E-416A-4671-B2DE-F1A08FA006E5} = {D135372A-94FD-46B0-91CC-8D307438E792}
		{81357E38-1C3D-47B9-B297-3434035B06FC} = {6EB4FDAB-7F09-4750-B30D-C62126D05F4A}
		{ED23A6D6-5217-4644-9878-E6959DA27610} = {6EB4FDAB-7F09-4750-B30D-C62126D05F4A}
		{0FE47DE5-12DE-466C-9937-82B5962F63C4} = {43B3FA75-7EA6-4851-9457-E9903A88CB03}
		{56CC3E1B-4C77-49D0-865C-2744E060BD76} = {43B3FA75-7EA6-4851-9457-E9903A88CB03}
		{C1D18AFB-DDA4-4D56-9223-4704641C70B6} = {43B3FA75-7EA6-4851-9457-E9903A88CB03}
		{94AD93DA-976A-46D2-83C4-96A2FE73D6B3} = {99BB47FD-CDCD-4A8F-8C68-289D746B5F27}
		{641B5AC2-0869-4A71-819C-67BBAFA42C78} = {99BB47FD-CDCD-4A8F-8C68-289D746B5F27}
		{F4606DE5-A0A2-41BC-AE46-A63EC87DC91D} = {99BB47FD-CDCD-4A8F-8C68-289D746B5F27}
		{1D7FDE42-0CFF-4AD1-87C4-84CFE8B84EAA} = {43B3FA75-7EA6-4851-9457-E9903A88CB03}
		{CD3826D7-9A07-47C9-B519-D87A38FAE93E} = {E8139B3F-B6B9-429A-BCAD-8CA3E3571CDC}
		{966FCD7A-D46E-4986-9222-065CC4669376} = {E8139B3F-B6B9-429A-BCAD-8CA3E3571CDC}
		{DCADAC22-7203-46BF-9A79-45C0FD1C0219} = {43B3FA75-7EA6-4851-9457-E9903A88CB03}
		{BC7FB642-56BC-4536-9D17-13162DD469DC} = {99BB47FD-CDCD-4A8F-8C68-289D746B5F27}
		{4EC2F268-A5A8-4908-B2AD-92649B569A40} = {B003F25E-01E0-4A23-85C5-554A2CFE01F5}
		{39F73ED0-789E-48C0-B587-5FC99FBF82DF} = {372AC8FD-6AF0-4A85-9914-048F5A9F5C31}
		{D67C6502-D311-4429-B9EA-0FAF3FA35C06} = {372AC8FD-6AF0-4A85-9914-048F5A9F5C31}
		{60E13689-760C-4BCB-9B39-E7C20DE5C92E} = {6EB4FDAB-7F09-4750-B30D-C62126D05F4A}
		{6B3A56FD-3A29-41E4-8EF7-FF7E4607738E} = {B003F25E-01E0-4A23-85C5-554A2CFE01F5}
		{78DF4472-E7CC-4FA7-B746-7E2965300D3F} = {B003F25E-01E0-4A23-85C5-554A2CFE01F5}
		{EFC4FADD-343C-44E1-8798-D912DB4F78C2} = {620AE53A-2272-4DCD-A292-D547A9D0ADB1}
		{7C9DF78B-7C31-4E5A-BD46-887574F51CC1} = {620AE53A-2272-4DCD-A292-D547A9D0ADB1}
		{53EE2B97-E1FB-472B-8A19-0D825965F112} = {620AE53A-2272-4DCD-A292-D547A9D0ADB1}
		{9BAA53FD-89B5-43E2-AC59-A27B006DEBB6} = {476D9AD7-3467-4A0C-A6E8-314031E22099}
		{2DDF3244-F788-4076-A361-9C459EE5796E} = {476D9AD7-3467-4A0C-A6E8-314031E22099}
		{5A171807-E17C-4A18-9732-357C73A366C9} = {12BACC34-D4FB-4031-A835-44BB5DBE4D0B}
		{4DBDA2DF-F8F6-4C03-B182-823218E33713} = {12BACC34-D4FB-4031-A835-44BB5DBE4D0B}
		{926397D3-28DC-4F5F-A37E-BA8FEF9D6966} = {12BACC34-D4FB-4031-A835-44BB5DBE4D0B}
		{7FD49F62-13A5-4FC7-8C7A-344A4C1DAE20} = {044F6A3F-FC5A-4737-BA6B-710B080F1410}
		{BEB4E5EC-5A86-4CAD-B08F-70C65D8D79EC} = {620AE53A-2272-4DCD-A292-D547A9D0ADB1}
		{13B6E063-675C-4418-8A91-5AFC8FE70A97} = {620AE53A-2272-4DCD-A292-D547A9D0ADB1}
		{70A3A3EE-FB21-41A6-9D16-991E27F604B5} = {555CF885-9D8B-4ED0-83B7-4E4D0D6306E8}
		{D09AF057-E6B3-4371-A90D-B58C65FE1241} = {6EB4FDAB-7F09-4750-B30D-C62126D05F4A}
		{3A446FC0-9A69-4CDE-9FE7-95F8D103CEFE} = {372AC8FD-6AF0-4A85-9914-048F5A9F5C31}
		{CE6B8B83-2EB0-4638-A7E3-E315F3391681} = {372AC8FD-6AF0-4A85-9914-048F5A9F5C31}
		{4C3CD11C-649B-4499-AB8A-ACC53ACA9BB2} = {372AC8FD-6AF0-4A85-9914-048F5A9F5C31}
		{DD2B7D6F-C074-4D23-A0EE-6E33F70AC581} = {555CF885-9D8B-4ED0-83B7-4E4D0D6306E8}
		{7FEA8C5E-4C9E-49FC-9392-EE31DB9E0C74} = {99BB47FD-CDCD-4A8F-8C68-289D746B5F27}
		{033CA7EA-8B74-40B8-8D79-860F636A5E4D} = {555CF885-9D8B-4ED0-83B7-4E4D0D6306E8}
		{D0CE9A07-593A-473B-8978-BE9210137E2F} = {555CF885-9D8B-4ED0-83B7-4E4D0D6306E8}
		{7FA6B880-6C2B-4CA8-8A6E-93E81F5F412E} = {555CF885-9D8B-4ED0-83B7-4E4D0D6306E8}
		{D8C6D957-831A-4078-A048-EAB23323FE9F} = {555CF885-9D8B-4ED0-83B7-4E4D0D6306E8}
		{348B5437-2BFB-4440-8C39-B95F33986BC4} = {372AC8FD-6AF0-4A85-9914-048F5A9F5C31}
		{ED79696F-ABB5-4EE0-BD2E-BB90815C66BE} = {43B3FA75-7EA6-4851-9457-E9903A88CB03}
		{A4D9186A-7D4E-4883-A477-2817A210C842} = {99BB47FD-CDCD-4A8F-8C68-289D746B5F27}
		{BE9C3C23-2F3A-4313-A70D-B42EE636DC80} = {43B3FA75-7EA6-4851-9457-E9903A88CB03}
		{9DA64E08-954E-4619-B645-313A9C5C8946} = {620AE53A-2272-4DCD-A292-D547A9D0ADB1}
		{803F109C-4BF4-4716-9664-644E1C496F23} = {620AE53A-2272-4DCD-A292-D547A9D0ADB1}
		{C785F379-91D2-4BB2-8A43-4BFC11CE8380} = {6EB4FDAB-7F09-4750-B30D-C62126D05F4A}
		{4FE72E7D-E5C7-41BC-A8A6-CF8CE58CD45A} = {D135372A-94FD-46B0-91CC-8D307438E792}
		{C46403B5-E425-43A6-9093-D6EB7617A37A} = {555CF885-9D8B-4ED0-83B7-4E4D0D6306E8}
		{4993DC56-406C-47B3-9E9E-3556D4ADCF23} = {555CF885-9D8B-4ED0-83B7-4E4D0D6306E8}
		{219F580B-6D64-448C-BEE7-1BBA46E12D37} = {555CF885-9D8B-4ED0-83B7-4E4D0D6306E8}
		{DE8AC1B9-C055-4965-8961-93E6309551C1} = {044F6A3F-FC5A-4737-BA6B-710B080F1410}
		{7A7F829C-81A0-4C2C-B1FD-04D851ED61DF} = {044F6A3F-FC5A-4737-BA6B-710B080F1410}
		{28F4EB26-B224-4889-8AED-B4FDDE087373} = {E260CFF7-43F1-4C8C-929C-4CA367F25679}
		{CA1345EE-0436-46A4-B75F-9CA1D04E6711} = {28F4EB26-B224-4889-8AED-B4FDDE087373}
		{1FD00E09-A2AB-4D05-BD16-9486BFE3FA61} = {28F4EB26-B224-4889-8AED-B4FDDE087373}
		{117C3BD3-E70E-4E0D-A502-3118A9C5817F} = {28F4EB26-B224-4889-8AED-B4FDDE087373}
	EndGlobalSection
	GlobalSection(ExtensibilityGlobals) = postSolution
		SolutionGuid = {E611D32A-A463-458C-BCD1-9B832CE5330C}
	EndGlobalSection
EndGlobal
