
Microsoft Visual Studio Solution File, Format Version 12.00
# Visual Studio Version 16
VisualStudioVersion = 16.0.29609.76
MinimumVisualStudioVersion = 10.0.40219.1
Project("{FAE04EC0-301F-11D3-BF4B-00C04F79EFBC}") = "Plugin.FindPosition", "Plugin.FindPosition.csproj", "{BE9C3C23-2F3A-4313-A70D-B42EE636DC80}"
EndProject
Global
	GlobalSection(SolutionConfigurationPlatforms) = preSolution
		Debug|Any CPU = Debug|Any CPU
		Release|Any CPU = Release|Any CPU
	EndGlobalSection
	GlobalSection(ProjectConfigurationPlatforms) = postSolution
		{BE9C3C23-2F3A-4313-A70D-B42EE636DC80}.Debug|Any CPU.ActiveCfg = Debug|Any CPU
		{BE9C3C23-2F3A-4313-A70D-B42EE636DC80}.Debug|Any CPU.Build.0 = Debug|Any CPU
		{BE9C3C23-2F3A-4313-A70D-B42EE636DC80}.Release|Any CPU.ActiveCfg = Release|Any CPU
		{BE9C3C23-2F3A-4313-A70D-B42EE636DC80}.Release|Any CPU.Build.0 = Release|Any CPU
	EndGlobalSection
	GlobalSection(SolutionProperties) = preSolution
		HideSolutionNode = FALSE
	EndGlobalSection
	GlobalSection(ExtensibilityGlobals) = postSolution
		SolutionGuid = {7A2B32C2-2C80-468F-AA94-EF388969B662}
	EndGlobalSection
EndGlobal
